// !$*UTF8*$!
{
	archiveVersion = 1;
	classes = {
	};
	objectVersion = 50;
	objects = {

/* Begin PBXBuildFile section */
		79F98D752256053E0026C17B /* AppDelegate.swift in Sources */ = {isa = PBXBuildFile; fileRef = 79F98D742256053E0026C17B /* AppDelegate.swift */; };
		79F98D772256053E0026C17B /* ViewController.swift in Sources */ = {isa = PBXBuildFile; fileRef = 79F98D762256053E0026C17B /* ViewController.swift */; };
		79F98D7A2256053E0026C17B /* Main.storyboard in Resources */ = {isa = PBXBuildFile; fileRef = 79F98D782256053E0026C17B /* Main.storyboard */; };
		79F98D7C225605400026C17B /* Assets.xcassets in Resources */ = {isa = PBXBuildFile; fileRef = 79F98D7B225605400026C17B /* Assets.xcassets */; };
		79F98D7F225605400026C17B /* LaunchScreen.storyboard in Resources */ = {isa = PBXBuildFile; fileRef = 79F98D7D225605400026C17B /* LaunchScreen.storyboard */; };
		79F98D8A225605400026C17B /* expenseTests.swift in Sources */ = {isa = PBXBuildFile; fileRef = 79F98D89225605400026C17B /* expenseTests.swift */; };
		79F98D95225605400026C17B /* expenseUITests.swift in Sources */ = {isa = PBXBuildFile; fileRef = 79F98D94225605400026C17B /* expenseUITests.swift */; };
/* End PBXBuildFile section */

/* Begin PBXContainerItemProxy section */
		79F98D86225605400026C17B /* PBXContainerItemProxy */ = {
			isa = PBXContainerItemProxy;
			containerPortal = 79F98D692256053E0026C17B /* Project object */;
			proxyType = 1;
			remoteGlobalIDString = 79F98D702256053E0026C17B;
			remoteInfo = expense;
		};
		79F98D91225605400026C17B /* PBXContainerItemProxy */ = {
			isa = PBXContainerItemProxy;
			containerPortal = 79F98D692256053E0026C17B /* Project object */;
			proxyType = 1;
			remoteGlobalIDString = 79F98D702256053E0026C17B;
			remoteInfo = expense;
		};
/* End PBXContainerItemProxy section */

/* Begin PBXFileReference section */
		79F98D712256053E0026C17B /* expense.app */ = {isa = PBXFileReference; explicitFileType = wrapper.application; includeInIndex = 0; path = expense.app; sourceTree = BUILT_PRODUCTS_DIR; };
		79F98D742256053E0026C17B /* AppDelegate.swift */ = {isa = PBXFileReference; lastKnownFileType = sourcecode.swift; path = AppDelegate.swift; sourceTree = "<group>"; };
		79F98D762256053E0026C17B /* ViewController.swift */ = {isa = PBXFileReference; lastKnownFileType = sourcecode.swift; path = ViewController.swift; sourceTree = "<group>"; };
		79F98D792256053E0026C17B /* Base */ = {isa = PBXFileReference; lastKnownFileType = file.storyboard; name = Base; path = Base.lproj/Main.storyboard; sourceTree = "<group>"; };
		79F98D7B225605400026C17B /* Assets.xcassets */ = {isa = PBXFileReference; lastKnownFileType = folder.assetcatalog; path = Assets.xcassets; sourceTree = "<group>"; };
		79F98D7E225605400026C17B /* Base */ = {isa = PBXFileReference; lastKnownFileType = file.storyboard; name = Base; path = Base.lproj/LaunchScreen.storyboard; sourceTree = "<group>"; };
		79F98D80225605400026C17B /* Info.plist */ = {isa = PBXFileReference; lastKnownFileType = text.plist.xml; path = Info.plist; sourceTree = "<group>"; };
		79F98D85225605400026C17B /* expenseTests.xctest */ = {isa = PBXFileReference; explicitFileType = wrapper.cfbundle; includeInIndex = 0; path = expenseTests.xctest; sourceTree = BUILT_PRODUCTS_DIR; };
		79F98D89225605400026C17B /* expenseTests.swift */ = {isa = PBXFileReference; lastKnownFileType = sourcecode.swift; path = expenseTests.swift; sourceTree = "<group>"; };
		79F98D8B225605400026C17B /* Info.plist */ = {isa = PBXFileReference; lastKnownFileType = text.plist.xml; path = Info.plist; sourceTree = "<group>"; };
		79F98D90225605400026C17B /* expenseUITests.xctest */ = {isa = PBXFileReference; explicitFileType = wrapper.cfbundle; includeInIndex = 0; path = expenseUITests.xctest; sourceTree = BUILT_PRODUCTS_DIR; };
		79F98D94225605400026C17B /* expenseUITests.swift */ = {isa = PBXFileReference; lastKnownFileType = sourcecode.swift; path = expenseUITests.swift; sourceTree = "<group>"; };
		79F98D96225605400026C17B /* Info.plist */ = {isa = PBXFileReference; lastKnownFileType = text.plist.xml; path = Info.plist; sourceTree = "<group>"; };
/* End PBXFileReference section */

/* Begin PBXFrameworksBuildPhase section */
		79F98D6E2256053E0026C17B /* Frameworks */ = {
			isa = PBXFrameworksBuildPhase;
			buildActionMask = 2147483647;
			files = (
			);
			runOnlyForDeploymentPostprocessing = 0;
		};
		79F98D82225605400026C17B /* Frameworks */ = {
			isa = PBXFrameworksBuildPhase;
			buildActionMask = 2147483647;
			files = (
			);
			runOnlyForDeploymentPostprocessing = 0;
		};
		79F98D8D225605400026C17B /* Frameworks */ = {
			isa = PBXFrameworksBuildPhase;
			buildActionMask = 2147483647;
			files = (
			);
			runOnlyForDeploymentPostprocessing = 0;
		};
/* End PBXFrameworksBuildPhase section */

/* Begin PBXGroup section */
		79F98D682256053E0026C17B = {
			isa = PBXGroup;
			children = (
				79F98D732256053E0026C17B /* expense */,
				79F98D88225605400026C17B /* expenseTests */,
				79F98D93225605400026C17B /* expenseUITests */,
				79F98D722256053E0026C17B /* Products */,
			);
			sourceTree = "<group>";
		};
		79F98D722256053E0026C17B /* Products */ = {
			isa = PBXGroup;
			children = (
				79F98D712256053E0026C17B /* expense.app */,
				79F98D85225605400026C17B /* expenseTests.xctest */,
				79F98D90225605400026C17B /* expenseUITests.xctest */,
			);
			name = Products;
			sourceTree = "<group>";
		};
		79F98D732256053E0026C17B /* expense */ = {
			isa = PBXGroup;
			children = (
				79F98D742256053E0026C17B /* AppDelegate.swift */,
				79F98D762256053E0026C17B /* ViewController.swift */,
				79F98D782256053E0026C17B /* Main.storyboard */,
				79F98D7B225605400026C17B /* Assets.xcassets */,
				79F98D7D225605400026C17B /* LaunchScreen.storyboard */,
				79F98D80225605400026C17B /* Info.plist */,
			);
			path = expense;
			sourceTree = "<group>";
		};
		79F98D88225605400026C17B /* expenseTests */ = {
			isa = PBXGroup;
			children = (
				79F98D89225605400026C17B /* expenseTests.swift */,
				79F98D8B225605400026C17B /* Info.plist */,
			);
			path = expenseTests;
			sourceTree = "<group>";
		};
		79F98D93225605400026C17B /* expenseUITests */ = {
			isa = PBXGroup;
			children = (
				79F98D94225605400026C17B /* expenseUITests.swift */,
				79F98D96225605400026C17B /* Info.plist */,
			);
			path = expenseUITests;
			sourceTree = "<group>";
		};
/* End PBXGroup section */

/* Begin PBXNativeTarget section */
		79F98D702256053E0026C17B /* expense */ = {
			isa = PBXNativeTarget;
			buildConfigurationList = 79F98D99225605400026C17B /* Build configuration list for PBXNativeTarget "expense" */;
			buildPhases = (
				79F98D6D2256053E0026C17B /* Sources */,
				79F98D6E2256053E0026C17B /* Frameworks */,
				79F98D6F2256053E0026C17B /* Resources */,
			);
			buildRules = (
			);
			dependencies = (
			);
			name = expense;
			productName = expense;
			productReference = 79F98D712256053E0026C17B /* expense.app */;
			productType = "com.apple.product-type.application";
		};
		79F98D84225605400026C17B /* expenseTests */ = {
			isa = PBXNativeTarget;
			buildConfigurationList = 79F98D9C225605400026C17B /* Build configuration list for PBXNativeTarget "expenseTests" */;
			buildPhases = (
				79F98D81225605400026C17B /* Sources */,
				79F98D82225605400026C17B /* Frameworks */,
				79F98D83225605400026C17B /* Resources */,
			);
			buildRules = (
			);
			dependencies = (
				79F98D87225605400026C17B /* PBXTargetDependency */,
			);
			name = expenseTests;
			productName = expenseTests;
			productReference = 79F98D85225605400026C17B /* expenseTests.xctest */;
			productType = "com.apple.product-type.bundle.unit-test";
		};
		79F98D8F225605400026C17B /* expenseUITests */ = {
			isa = PBXNativeTarget;
			buildConfigurationList = 79F98D9F225605400026C17B /* Build configuration list for PBXNativeTarget "expenseUITests" */;
			buildPhases = (
				79F98D8C225605400026C17B /* Sources */,
				79F98D8D225605400026C17B /* Frameworks */,
				79F98D8E225605400026C17B /* Resources */,
			);
			buildRules = (
			);
			dependencies = (
				79F98D92225605400026C17B /* PBXTargetDependency */,
			);
			name = expenseUITests;
			productName = expenseUITests;
			productReference = 79F98D90225605400026C17B /* expenseUITests.xctest */;
			productType = "com.apple.product-type.bundle.ui-testing";
		};
/* End PBXNativeTarget section */

/* Begin PBXProject section */
		79F98D692256053E0026C17B /* Project object */ = {
			isa = PBXProject;
			attributes = {
				LastSwiftUpdateCheck = 1020;
				LastUpgradeCheck = 1020;
				ORGANIZATIONNAME = "meisterwork GmbH";
				TargetAttributes = {
					79F98D702256053E0026C17B = {
						CreatedOnToolsVersion = 10.2;
					};
					79F98D84225605400026C17B = {
						CreatedOnToolsVersion = 10.2;
						TestTargetID = 79F98D702256053E0026C17B;
					};
					79F98D8F225605400026C17B = {
						CreatedOnToolsVersion = 10.2;
						TestTargetID = 79F98D702256053E0026C17B;
					};
				};
			};
			buildConfigurationList = 79F98D6C2256053E0026C17B /* Build configuration list for PBXProject "expense" */;
			compatibilityVersion = "Xcode 9.3";
			developmentRegion = en;
			hasScannedForEncodings = 0;
			knownRegions = (
				en,
				Base,
			);
			mainGroup = 79F98D682256053E0026C17B;
			productRefGroup = 79F98D722256053E0026C17B /* Products */;
			projectDirPath = "";
			projectRoot = "";
			targets = (
				79F98D702256053E0026C17B /* expense */,
				79F98D84225605400026C17B /* expenseTests */,
				79F98D8F225605400026C17B /* expenseUITests */,
			);
		};
/* End PBXProject section */

/* Begin PBXResourcesBuildPhase section */
		79F98D6F2256053E0026C17B /* Resources */ = {
			isa = PBXResourcesBuildPhase;
			buildActionMask = 2147483647;
			files = (
				79F98D7F225605400026C17B /* LaunchScreen.storyboard in Resources */,
				79F98D7C225605400026C17B /* Assets.xcassets in Resources */,
				79F98D7A2256053E0026C17B /* Main.storyboard in Resources */,
			);
			runOnlyForDeploymentPostprocessing = 0;
		};
		79F98D83225605400026C17B /* Resources */ = {
			isa = PBXResourcesBuildPhase;
			buildActionMask = 2147483647;
			files = (
			);
			runOnlyForDeploymentPostprocessing = 0;
		};
		79F98D8E225605400026C17B /* Resources */ = {
			isa = PBXResourcesBuildPhase;
			buildActionMask = 2147483647;
			files = (
			);
			runOnlyForDeploymentPostprocessing = 0;
		};
/* End PBXResourcesBuildPhase section */

/* Begin PBXSourcesBuildPhase section */
		79F98D6D2256053E0026C17B /* Sources */ = {
			isa = PBXSourcesBuildPhase;
			buildActionMask = 2147483647;
			files = (
				79F98D772256053E0026C17B /* ViewController.swift in Sources */,
				79F98D752256053E0026C17B /* AppDelegate.swift in Sources */,
			);
			runOnlyForDeploymentPostprocessing = 0;
		};
		79F98D81225605400026C17B /* Sources */ = {
			isa = PBXSourcesBuildPhase;
			buildActionMask = 2147483647;
			files = (
				79F98D8A225605400026C17B /* expenseTests.swift in Sources */,
			);
			runOnlyForDeploymentPostprocessing = 0;
		};
		79F98D8C225605400026C17B /* Sources */ = {
			isa = PBXSourcesBuildPhase;
			buildActionMask = 2147483647;
			files = (
				79F98D95225605400026C17B /* expenseUITests.swift in Sources */,
			);
			runOnlyForDeploymentPostprocessing = 0;
		};
/* End PBXSourcesBuildPhase section */

/* Begin PBXTargetDependency section */
		79F98D87225605400026C17B /* PBXTargetDependency */ = {
			isa = PBXTargetDependency;
			target = 79F98D702256053E0026C17B /* expense */;
			targetProxy = 79F98D86225605400026C17B /* PBXContainerItemProxy */;
		};
		79F98D92225605400026C17B /* PBXTargetDependency */ = {
			isa = PBXTargetDependency;
			target = 79F98D702256053E0026C17B /* expense */;
			targetProxy = 79F98D91225605400026C17B /* PBXContainerItemProxy */;
		};
/* End PBXTargetDependency section */

/* Begin PBXVariantGroup section */
		79F98D782256053E0026C17B /* Main.storyboard */ = {
			isa = PBXVariantGroup;
			children = (
				79F98D792256053E0026C17B /* Base */,
			);
			name = Main.storyboard;
			sourceTree = "<group>";
		};
		79F98D7D225605400026C17B /* LaunchScreen.storyboard */ = {
			isa = PBXVariantGroup;
			children = (
				79F98D7E225605400026C17B /* Base */,
			);
			name = LaunchScreen.storyboard;
			sourceTree = "<group>";
		};
/* End PBXVariantGroup section */

/* Begin XCBuildConfiguration section */
		79F98D97225605400026C17B /* Debug */ = {
			isa = XCBuildConfiguration;
			buildSettings = {
				ALWAYS_SEARCH_USER_PATHS = NO;
				CLANG_ANALYZER_NONNULL = YES;
				CLANG_ANALYZER_NUMBER_OBJECT_CONVERSION = YES_AGGRESSIVE;
				CLANG_CXX_LANGUAGE_STANDARD = "gnu++14";
				CLANG_CXX_LIBRARY = "libc++";
				CLANG_ENABLE_MODULES = YES;
				CLANG_ENABLE_OBJC_ARC = YES;
				CLANG_ENABLE_OBJC_WEAK = YES;
				CLANG_WARN_BLOCK_CAPTURE_AUTORELEASING = YES;
				CLANG_WARN_BOOL_CONVERSION = YES;
				CLANG_WARN_COMMA = YES;
				CLANG_WARN_CONSTANT_CONVERSION = YES;
				CLANG_WARN_DEPRECATED_OBJC_IMPLEMENTATIONS = YES;
				CLANG_WARN_DIRECT_OBJC_ISA_USAGE = YES_ERROR;
				CLANG_WARN_DOCUMENTATION_COMMENTS = YES;
				CLANG_WARN_EMPTY_BODY = YES;
				CLANG_WARN_ENUM_CONVERSION = YES;
				CLANG_WARN_INFINITE_RECURSION = YES;
				CLANG_WARN_INT_CONVERSION = YES;
				CLANG_WARN_NON_LITERAL_NULL_CONVERSION = YES;
				CLANG_WARN_OBJC_IMPLICIT_RETAIN_SELF = YES;
				CLANG_WARN_OBJC_LITERAL_CONVERSION = YES;
				CLANG_WARN_OBJC_ROOT_CLASS = YES_ERROR;
				CLANG_WARN_RANGE_LOOP_ANALYSIS = YES;
				CLANG_WARN_STRICT_PROTOTYPES = YES;
				CLANG_WARN_SUSPICIOUS_MOVE = YES;
				CLANG_WARN_UNGUARDED_AVAILABILITY = YES_AGGRESSIVE;
				CLANG_WARN_UNREACHABLE_CODE = YES;
				CLANG_WARN__DUPLICATE_METHOD_MATCH = YES;
				CODE_SIGN_IDENTITY = "iPhone Developer";
				COPY_PHASE_STRIP = NO;
				DEBUG_INFORMATION_FORMAT = dwarf;
				ENABLE_STRICT_OBJC_MSGSEND = YES;
				ENABLE_TESTABILITY = YES;
				GCC_C_LANGUAGE_STANDARD = gnu11;
				GCC_DYNAMIC_NO_PIC = NO;
				GCC_NO_COMMON_BLOCKS = YES;
				GCC_OPTIMIZATION_LEVEL = 0;
				GCC_PREPROCESSOR_DEFINITIONS = (
					"DEBUG=1",
					"$(inherited)",
				);
				GCC_WARN_64_TO_32_BIT_CONVERSION = YES;
				GCC_WARN_ABOUT_RETURN_TYPE = YES_ERROR;
				GCC_WARN_UNDECLARED_SELECTOR = YES;
				GCC_WARN_UNINITIALIZED_AUTOS = YES_AGGRESSIVE;
				GCC_WARN_UNUSED_FUNCTION = YES;
				GCC_WARN_UNUSED_VARIABLE = YES;
				IPHONEOS_DEPLOYMENT_TARGET = 12.2;
				MTL_ENABLE_DEBUG_INFO = INCLUDE_SOURCE;
				MTL_FAST_MATH = YES;
				ONLY_ACTIVE_ARCH = YES;
				SDKROOT = iphoneos;
				SWIFT_ACTIVE_COMPILATION_CONDITIONS = DEBUG;
				SWIFT_OPTIMIZATION_LEVEL = "-Onone";
			};
			name = Debug;
		};
		79F98D98225605400026C17B /* Release */ = {
			isa = XCBuildConfiguration;
			buildSettings = {
				ALWAYS_SEARCH_USER_PATHS = NO;
				CLANG_ANALYZER_NONNULL = YES;
				CLANG_ANALYZER_NUMBER_OBJECT_CONVERSION = YES_AGGRESSIVE;
				CLANG_CXX_LANGUAGE_STANDARD = "gnu++14";
				CLANG_CXX_LIBRARY = "libc++";
				CLANG_ENABLE_MODULES = YES;
				CLANG_ENABLE_OBJC_ARC = YES;
				CLANG_ENABLE_OBJC_WEAK = YES;
				CLANG_WARN_BLOCK_CAPTURE_AUTORELEASING = YES;
				CLANG_WARN_BOOL_CONVERSION = YES;
				CLANG_WARN_COMMA = YES;
				CLANG_WARN_CONSTANT_CONVERSION = YES;
				CLANG_WARN_DEPRECATED_OBJC_IMPLEMENTATIONS = YES;
				CLANG_WARN_DIRECT_OBJC_ISA_USAGE = YES_ERROR;
				CLANG_WARN_DOCUMENTATION_COMMENTS = YES;
				CLANG_WARN_EMPTY_BODY = YES;
				CLANG_WARN_ENUM_CONVERSION = YES;
				CLANG_WARN_INFINITE_RECURSION = YES;
				CLANG_WARN_INT_CONVERSION = YES;
				CLANG_WARN_NON_LITERAL_NULL_CONVERSION = YES;
				CLANG_WARN_OBJC_IMPLICIT_RETAIN_SELF = YES;
				CLANG_WARN_OBJC_LITERAL_CONVERSION = YES;
				CLANG_WARN_OBJC_ROOT_CLASS = YES_ERROR;
				CLANG_WARN_RANGE_LOOP_ANALYSIS = YES;
				CLANG_WARN_STRICT_PROTOTYPES = YES;
				CLANG_WARN_SUSPICIOUS_MOVE = YES;
				CLANG_WARN_UNGUARDED_AVAILABILITY = YES_AGGRESSIVE;
				CLANG_WARN_UNREACHABLE_CODE = YES;
				CLANG_WARN__DUPLICATE_METHOD_MATCH = YES;
				CODE_SIGN_IDENTITY = "iPhone Developer";
				COPY_PHASE_STRIP = NO;
				DEBUG_INFORMATION_FORMAT = "dwarf-with-dsym";
				ENABLE_NS_ASSERTIONS = NO;
				ENABLE_STRICT_OBJC_MSGSEND = YES;
				GCC_C_LANGUAGE_STANDARD = gnu11;
				GCC_NO_COMMON_BLOCKS = YES;
				GCC_WARN_64_TO_32_BIT_CONVERSION = YES;
				GCC_WARN_ABOUT_RETURN_TYPE = YES_ERROR;
				GCC_WARN_UNDECLARED_SELECTOR = YES;
				GCC_WARN_UNINITIALIZED_AUTOS = YES_AGGRESSIVE;
				GCC_WARN_UNUSED_FUNCTION = YES;
				GCC_WARN_UNUSED_VARIABLE = YES;
				IPHONEOS_DEPLOYMENT_TARGET = 12.2;
				MTL_ENABLE_DEBUG_INFO = NO;
				MTL_FAST_MATH = YES;
				SDKROOT = iphoneos;
				SWIFT_COMPILATION_MODE = wholemodule;
				SWIFT_OPTIMIZATION_LEVEL = "-O";
				VALIDATE_PRODUCT = YES;
			};
			name = Release;
		};
		79F98D9A225605400026C17B /* Debug */ = {
			isa = XCBuildConfiguration;
			buildSettings = {
				ASSETCATALOG_COMPILER_APPICON_NAME = AppIcon;
				CODE_SIGN_STYLE = Automatic;
				INFOPLIST_FILE = expense/Info.plist;
				LD_RUNPATH_SEARCH_PATHS = (
					"$(inherited)",
					"@executable_path/Frameworks",
				);
				PRODUCT_BUNDLE_IDENTIFIER = at.meisterwork.expense;
				PRODUCT_NAME = "$(TARGET_NAME)";
				SWIFT_VERSION = 5.0;
				TARGETED_DEVICE_FAMILY = "1,2";
			};
			name = Debug;
		};
		79F98D9B225605400026C17B /* Release */ = {
			isa = XCBuildConfiguration;
			buildSettings = {
				ASSETCATALOG_COMPILER_APPICON_NAME = AppIcon;
				CODE_SIGN_STYLE = Automatic;
				INFOPLIST_FILE = expense/Info.plist;
				LD_RUNPATH_SEARCH_PATHS = (
					"$(inherited)",
					"@executable_path/Frameworks",
				);
				PRODUCT_BUNDLE_IDENTIFIER = at.meisterwork.expense;
				PRODUCT_NAME = "$(TARGET_NAME)";
				SWIFT_VERSION = 5.0;
				TARGETED_DEVICE_FAMILY = "1,2";
			};
			name = Release;
		};
		79F98D9D225605400026C17B /* Debug */ = {
			isa = XCBuildConfiguration;
			buildSettings = {
				ALWAYS_EMBED_SWIFT_STANDARD_LIBRARIES = YES;
				BUNDLE_LOADER = "$(TEST_HOST)";
				CODE_SIGN_STYLE = Automatic;
				INFOPLIST_FILE = expenseTests/Info.plist;
				LD_RUNPATH_SEARCH_PATHS = (
					"$(inherited)",
					"@executable_path/Frameworks",
					"@loader_path/Frameworks",
				);
				PRODUCT_BUNDLE_IDENTIFIER = at.meisterwork.expenseTests;
				PRODUCT_NAME = "$(TARGET_NAME)";
				SWIFT_VERSION = 5.0;
				TARGETED_DEVICE_FAMILY = "1,2";
				TEST_HOST = "$(BUILT_PRODUCTS_DIR)/expense.app/expense";
			};
			name = Debug;
		};
		79F98D9E225605400026C17B /* Release */ = {
			isa = XCBuildConfiguration;
			buildSettings = {
				ALWAYS_EMBED_SWIFT_STANDARD_LIBRARIES = YES;
				BUNDLE_LOADER = "$(TEST_HOST)";
				CODE_SIGN_STYLE = Automatic;
				INFOPLIST_FILE = expenseTests/Info.plist;
				LD_RUNPATH_SEARCH_PATHS = (
					"$(inherited)",
					"@executable_path/Frameworks",
					"@loader_path/Frameworks",
				);
				PRODUCT_BUNDLE_IDENTIFIER = at.meisterwork.expenseTests;
				PRODUCT_NAME = "$(TARGET_NAME)";
				SWIFT_VERSION = 5.0;
				TARGETED_DEVICE_FAMILY = "1,2";
				TEST_HOST = "$(BUILT_PRODUCTS_DIR)/expense.app/expense";
			};
			name = Release;
		};
		79F98DA0225605400026C17B /* Debug */ = {
			isa = XCBuildConfiguration;
			buildSettings = {
				ALWAYS_EMBED_SWIFT_STANDARD_LIBRARIES = YES;
				CODE_SIGN_STYLE = Automatic;
				INFOPLIST_FILE = expenseUITests/Info.plist;
				LD_RUNPATH_SEARCH_PATHS = (
					"$(inherited)",
					"@executable_path/Frameworks",
					"@loader_path/Frameworks",
				);
				PRODUCT_BUNDLE_IDENTIFIER = at.meisterwork.expenseUITests;
				PRODUCT_NAME = "$(TARGET_NAME)";
				SWIFT_VERSION = 5.0;
				TARGETED_DEVICE_FAMILY = "1,2";
				TEST_TARGET_NAME = expense;
			};
			name = Debug;
		};
		79F98DA1225605400026C17B /* Release */ = {
			isa = XCBuildConfiguration;
			buildSettings = {
				ALWAYS_EMBED_SWIFT_STANDARD_LIBRARIES = YES;
				CODE_SIGN_STYLE = Automatic;
				INFOPLIST_FILE = expenseUITests/Info.plist;
				LD_RUNPATH_SEARCH_PATHS = (
					"$(inherited)",
					"@executable_path/Frameworks",
					"@loader_path/Frameworks",
				);
				PRODUCT_BUNDLE_IDENTIFIER = at.meisterwork.expenseUITests;
				PRODUCT_NAME = "$(TARGET_NAME)";
				SWIFT_VERSION = 5.0;
				TARGETED_DEVICE_FAMILY = "1,2";
				TEST_TARGET_NAME = expense;
			};
			name = Release;
		};
/* End XCBuildConfiguration section */

/* Begin XCConfigurationList section */
		79F98D6C2256053E0026C17B /* Build configuration list for PBXProject "expense" */ = {
			isa = XCConfigurationList;
			buildConfigurations = (
				79F98D97225605400026C17B /* Debug */,
				79F98D98225605400026C17B /* Release */,
			);
			defaultConfigurationIsVisible = 0;
			defaultConfigurationName = Release;
		};
		79F98D99225605400026C17B /* Build configuration list for PBXNativeTarget "expense" */ = {
			isa = XCConfigurationList;
			buildConfigurations = (
				79F98D9A225605400026C17B /* Debug */,
				79F98D9B225605400026C17B /* Release */,
			);
			defaultConfigurationIsVisible = 0;
			defaultConfigurationName = Release;
		};
		79F98D9C225605400026C17B /* Build configuration list for PBXNativeTarget "expenseTests" */ = {
			isa = XCConfigurationList;
			buildConfigurations = (
				79F98D9D225605400026C17B /* Debug */,
				79F98D9E225605400026C17B /* Release */,
			);
			defaultConfigurationIsVisible = 0;
			defaultConfigurationName = Release;
		};
		79F98D9F225605400026C17B /* Build configuration list for PBXNativeTarget "expenseUITests" */ = {
			isa = XCConfigurationList;
			buildConfigurations = (
				79F98DA0225605400026C17B /* Debug */,
				79F98DA1225605400026C17B /* Release */,
			);
			defaultConfigurationIsVisible = 0;
			defaultConfigurationName = Release;
		};
/* End XCConfigurationList section */
	};
	rootObject = 79F98D692256053E0026C17B /* Project object */;
}
