// !$*UTF8*$!
{
	archiveVersion = 1;
	classes = {
	};
	objectVersion = 50;
	objects = {

/* Begin PBXBuildFile section */
		245F6595BFB660C0DCB88EC1 /* Pods_expense.framework in Frameworks */ = {isa = PBXBuildFile; fileRef = F5390150F0DE85C1237DE9E6 /* Pods_expense.framework */; };
		475710171D0BD20EE1B9F68E /* BudgetCategoryItem.swift in Sources */ = {isa = PBXBuildFile; fileRef = 475717348ED8A6DF2AE92E69 /* BudgetCategoryItem.swift */; };
		4757101DB1B13234F23E3831 /* WalletsModel.swift in Sources */ = {isa = PBXBuildFile; fileRef = 47571ED7915245F3A7389FB4 /* WalletsModel.swift */; };
		475710440C3AC8D4E7F9C73F /* BudgetCategoryEditViewController.swift in Sources */ = {isa = PBXBuildFile; fileRef = 475716311C3E82F912DFAB5E /* BudgetCategoryEditViewController.swift */; };
		4757104EE473293294A1ED12 /* BudgetCategoryModel.swift in Sources */ = {isa = PBXBuildFile; fileRef = 47571A5BDFE7B4AB3AC6D49B /* BudgetCategoryModel.swift */; };
		4757108CCB3BEA5BB28CF4B4 /* TextEntry.swift in Sources */ = {isa = PBXBuildFile; fileRef = 47571E886977622022C926D0 /* TextEntry.swift */; };
		475710FF878B69B0271966EE /* DataItems.swift in Sources */ = {isa = PBXBuildFile; fileRef = 475711938542B1094EBCFA5D /* DataItems.swift */; };
		4757111481A0631D0668E999 /* KeyboardAccessory.swift in Sources */ = {isa = PBXBuildFile; fileRef = 475719E56C7E4BECB731D525 /* KeyboardAccessory.swift */; };
		4757128ADD78889E449EBAC0 /* BusinessSection.swift in Sources */ = {isa = PBXBuildFile; fileRef = 47571971AC7E9D3C9AB1EDA3 /* BusinessSection.swift */; };
		475712FE6B5C2BEBCB03CB8A /* KeyboardAccessory.xib in Resources */ = {isa = PBXBuildFile; fileRef = 47571AF6AAB610DA3835B7CF /* KeyboardAccessory.xib */; };
		47571340410F8B0E707DD24A /* Main.storyboard in Resources */ = {isa = PBXBuildFile; fileRef = 4757111F6B110CD3FE3EE48D /* Main.storyboard */; };
		4757136E7D2E2707E46131DD /* CreateBudgetEntryAction.swift in Sources */ = {isa = PBXBuildFile; fileRef = 47571937DD0B48E81B2CF93C /* CreateBudgetEntryAction.swift */; };
		4757137357ED0ADDF88CCAB1 /* UserCell.xib in Resources */ = {isa = PBXBuildFile; fileRef = 47571366C25BF7920901D274 /* UserCell.xib */; };
		4757138F42E146746E6DD1F6 /* BudgetCategoriesModel.swift in Sources */ = {isa = PBXBuildFile; fileRef = 47571506FA17D321C0046837 /* BudgetCategoriesModel.swift */; };
		475713CED26165E83D0186C3 /* SelectBudgetCategoryForEntryAction.swift in Sources */ = {isa = PBXBuildFile; fileRef = 47571473AEB318F17A5DBB81 /* SelectBudgetCategoryForEntryAction.swift */; };
		475713EF6D8C29C04D4DC81A /* CreateBudgetCategoryAction.swift in Sources */ = {isa = PBXBuildFile; fileRef = 475715DAB39CA4B74A5B597C /* CreateBudgetCategoryAction.swift */; };
		47571422FC46485461F8CDC6 /* TableFooterView.xib in Resources */ = {isa = PBXBuildFile; fileRef = 475711CB267B564C92DC832D /* TableFooterView.xib */; };
		4757144DBFAFFCDEE0B6F185 /* CornerView.swift in Sources */ = {isa = PBXBuildFile; fileRef = 47571852CC6B256D9ECB5398 /* CornerView.swift */; };
		4757146B1620691C0999B4A4 /* BudgetEntryCell.swift in Sources */ = {isa = PBXBuildFile; fileRef = 4757104753111F3520F64D98 /* BudgetEntryCell.swift */; };
		475714EA5E0043DFAE79E11C /* BudgetEntriesViewController.swift in Sources */ = {isa = PBXBuildFile; fileRef = 47571BB1632917F4B1CDDBF1 /* BudgetEntriesViewController.swift */; };
		47571538BAE7E55646250590 /* TextFieldCell.xib in Resources */ = {isa = PBXBuildFile; fileRef = 475710DAA84B369B280C1E53 /* TextFieldCell.xib */; };
		475715D4343A5F7FC7B1B581 /* BadgeView.xib in Resources */ = {isa = PBXBuildFile; fileRef = 47571D04E69E6690F14D3541 /* BadgeView.xib */; };
		47571613BECE6D76971EBD53 /* EmptyViewController.storyboard in Resources */ = {isa = PBXBuildFile; fileRef = 47571360634EEA94F9DBB3C9 /* EmptyViewController.storyboard */; };
		475716E2E3858FF57D86F67C /* SettingsModel.swift in Sources */ = {isa = PBXBuildFile; fileRef = 47571134802B71FD03361F0F /* SettingsModel.swift */; };
		47571782A937A9537F7104B8 /* SelectWalletAction.swift in Sources */ = {isa = PBXBuildFile; fileRef = 47571C0EA1526E27F832C2AC /* SelectWalletAction.swift */; };
		475717CC57BEAE2D6682F261 /* Invoice+Predicate.swift in Sources */ = {isa = PBXBuildFile; fileRef = 4757165367D89F9A8413328C /* Invoice+Predicate.swift */; };
		4757183A32053C4A350EDAF2 /* NumberCell.xib in Resources */ = {isa = PBXBuildFile; fileRef = 47571BA607FD9D14B6DEE5AC /* NumberCell.xib */; };
		47571859D9D795B152EF8C81 /* BudgetEntryModel.swift in Sources */ = {isa = PBXBuildFile; fileRef = 47571043E57423AE48872687 /* BudgetEntryModel.swift */; };
		47571882012AD0FF360DB57A /* UIColor+Extension.swift in Sources */ = {isa = PBXBuildFile; fileRef = 4757127C2185E78EE95D2252 /* UIColor+Extension.swift */; };
		475718D3446FDAF866AFAB20 /* CreateWalletCell.swift in Sources */ = {isa = PBXBuildFile; fileRef = 47571931E9BE90BA87B6BD60 /* CreateWalletCell.swift */; };
		475718F9FFDA7068FCA02D0A /* BudgetEntryItem.swift in Sources */ = {isa = PBXBuildFile; fileRef = 475713425847F13BD9ECCE07 /* BudgetEntryItem.swift */; };
		47571979A3C5AE67ED7A1213 /* UIView+Find.swift in Sources */ = {isa = PBXBuildFile; fileRef = 475710AF4344CC89A041CEAD /* UIView+Find.swift */; };
		475719EDC9AA696A7C454659 /* CreateWalletAction.swift in Sources */ = {isa = PBXBuildFile; fileRef = 47571ADB15499231EF42EC00 /* CreateWalletAction.swift */; };
		47571A7EFF00C270BDD6CFA0 /* TapActions.swift in Sources */ = {isa = PBXBuildFile; fileRef = 47571D99E201664FF9A873F2 /* TapActions.swift */; };
		47571AF8C28554E34CCFDE3D /* SettingsCell.xib in Resources */ = {isa = PBXBuildFile; fileRef = 47571AB8B81A38084B6018D4 /* SettingsCell.xib */; };
		47571B15074018AA4FE5ED71 /* NumberEntry.swift in Sources */ = {isa = PBXBuildFile; fileRef = 47571AFFB6A59873EF2A24A1 /* NumberEntry.swift */; };
		47571B2D375696474C2CFC5E /* NumberCell.swift in Sources */ = {isa = PBXBuildFile; fileRef = 4757136F12DB75A4653F929B /* NumberCell.swift */; };
		47571B501BF44C5E63718763 /* Error+NSError.swift in Sources */ = {isa = PBXBuildFile; fileRef = 47571E1AB78E36881958A35F /* Error+NSError.swift */; };
		47571B533D1F42EEC9FFC083 /* UIFont+Fira.swift in Sources */ = {isa = PBXBuildFile; fileRef = 475718BA8617155F4031400B /* UIFont+Fira.swift */; };
		47571B5562DA231746C1F663 /* WalletItem.swift in Sources */ = {isa = PBXBuildFile; fileRef = 475713978ADBDC1396656323 /* WalletItem.swift */; };
		47571BA0EDCBE0349EF67C64 /* PlaceholderTextField.swift in Sources */ = {isa = PBXBuildFile; fileRef = 47571C563E641E6FBC819E34 /* PlaceholderTextField.swift */; };
		47571CE666531DC2877CD7FF /* BudgetEntriesModel.swift in Sources */ = {isa = PBXBuildFile; fileRef = 47571DC8D7D15D1172357708 /* BudgetEntriesModel.swift */; };
		47571CFBB9B85ACE2236A490 /* UserSection.swift in Sources */ = {isa = PBXBuildFile; fileRef = 475711DEEE9E00BA2C50182E /* UserSection.swift */; };
		47571D5A22946BBEBDFFE781 /* EditBudgetEntryViewController.swift in Sources */ = {isa = PBXBuildFile; fileRef = 47571F8A0D9E4C62569E6C6B /* EditBudgetEntryViewController.swift */; };
		47571D7D70883BADF46FED28 /* KeyboardAccessoryable.swift in Sources */ = {isa = PBXBuildFile; fileRef = 475717C01D9ECFAFC1751322 /* KeyboardAccessoryable.swift */; };
		47571E047E8686AFDE733EED /* NumberValidator.swift in Sources */ = {isa = PBXBuildFile; fileRef = 475718765BC8020C9E867FB4 /* NumberValidator.swift */; };
		47571E0ADF5B055D3CDB5C35 /* BusinessSectionActions.swift in Sources */ = {isa = PBXBuildFile; fileRef = 475718581499F6B0A35A9901 /* BusinessSectionActions.swift */; };
		47571E64C6AD184ED1E89035 /* SettingsController.swift in Sources */ = {isa = PBXBuildFile; fileRef = 47571CB4204C6749FEE23A60 /* SettingsController.swift */; };
		47571ED0ABF2694E67C665FB /* BudgetEntrySelectCategoryCell.swift in Sources */ = {isa = PBXBuildFile; fileRef = 475710899650E58DE367F7C8 /* BudgetEntrySelectCategoryCell.swift */; };
		47571F89540DBBEF8EF83F2F /* SelectBudgetEntryAction.swift in Sources */ = {isa = PBXBuildFile; fileRef = 47571C80C8F24253F47B7898 /* SelectBudgetEntryAction.swift */; };
		47571FB139EBCB84F738D273 /* BudgetCategoryCell.swift in Sources */ = {isa = PBXBuildFile; fileRef = 47571891BF67107DF991303B /* BudgetCategoryCell.swift */; };
		47571FD3EFCD6B1A76E05725 /* TextFieldCell.swift in Sources */ = {isa = PBXBuildFile; fileRef = 47571556CAB45440DFB08C25 /* TextFieldCell.swift */; };
		47571FF9F337F7F67B614EC5 /* BudgetCategoriesViewController.swift in Sources */ = {isa = PBXBuildFile; fileRef = 47571C2DC6072DBD0F46C3B7 /* BudgetCategoriesViewController.swift */; };
		47571FFB85E194112DC8544D /* SelectBudgetCategoryAction.swift in Sources */ = {isa = PBXBuildFile; fileRef = 475715EE1DB2420B81F4350A /* SelectBudgetCategoryAction.swift */; };
		5C4EE1D4C3B9C8635E265EA9 /* Pods_expenseTests.framework in Frameworks */ = {isa = PBXBuildFile; fileRef = 3F3B2193CB4E72383A193040 /* Pods_expenseTests.framework */; };
		79679842225E2BB000C85009 /* WalletCell.xib in Resources */ = {isa = PBXBuildFile; fileRef = 79679841225E2BB000C85009 /* WalletCell.xib */; };
		79679844225E2BC300C85009 /* CreateWalletCell.xib in Resources */ = {isa = PBXBuildFile; fileRef = 79679843225E2BC300C85009 /* CreateWalletCell.xib */; };
		79D14001225B552600B11435 /* SettingsItem.swift in Sources */ = {isa = PBXBuildFile; fileRef = 79D13FFF225B552600B11435 /* SettingsItem.swift */; };
		79D14008225B67B300B11435 /* StoreService.swift in Sources */ = {isa = PBXBuildFile; fileRef = 79D14007225B67B300B11435 /* StoreService.swift */; };
		79D1400A225B67FF00B11435 /* TableFooterView.swift in Sources */ = {isa = PBXBuildFile; fileRef = 79D14009225B67FF00B11435 /* TableFooterView.swift */; };
		79D1400E225B6AD900B11435 /* Logger.swift in Sources */ = {isa = PBXBuildFile; fileRef = 79D1400D225B6AD800B11435 /* Logger.swift */; };
		79D14010225B6B6500B11435 /* Date+String.swift in Sources */ = {isa = PBXBuildFile; fileRef = 79D1400F225B6B6400B11435 /* Date+String.swift */; };
		79D14012225B6D0700B11435 /* Styling.swift in Sources */ = {isa = PBXBuildFile; fileRef = 79D14011225B6D0700B11435 /* Styling.swift */; };
		79D14017225B72ED00B11435 /* InfoSection.swift in Sources */ = {isa = PBXBuildFile; fileRef = 79D14015225B72EC00B11435 /* InfoSection.swift */; };
		79D14018225B72ED00B11435 /* InfoSectionActions.swift in Sources */ = {isa = PBXBuildFile; fileRef = 79D14016225B72EC00B11435 /* InfoSectionActions.swift */; };
		79D14021225B764300B11435 /* Localizable.strings in Resources */ = {isa = PBXBuildFile; fileRef = 79D1401F225B764200B11435 /* Localizable.strings */; };
		79D14025225B7B3F00B11435 /* RatingAlertViewController.swift in Sources */ = {isa = PBXBuildFile; fileRef = 79D14024225B7B3F00B11435 /* RatingAlertViewController.swift */; };
		79D14027225B7B7900B11435 /* PrivacyController.swift in Sources */ = {isa = PBXBuildFile; fileRef = 79D14026225B7B7900B11435 /* PrivacyController.swift */; };
		79D14029225B7DCC00B11435 /* RatingService.swift in Sources */ = {isa = PBXBuildFile; fileRef = 79D14028225B7DCC00B11435 /* RatingService.swift */; };
		79D1402B225B7EE100B11435 /* String+Error.swift in Sources */ = {isa = PBXBuildFile; fileRef = 79D1402A225B7EE100B11435 /* String+Error.swift */; };
		79D1402D225B7F6400B11435 /* AppInfo.swift in Sources */ = {isa = PBXBuildFile; fileRef = 79D1402C225B7F6400B11435 /* AppInfo.swift */; };
		79D14034225B926700B11435 /* BadgeView.swift in Sources */ = {isa = PBXBuildFile; fileRef = 79D14032225B926700B11435 /* BadgeView.swift */; };
		79D14047225C8AB800B11435 /* CoreDataContainer+Expense.swift in Sources */ = {isa = PBXBuildFile; fileRef = 79D14046225C8AB800B11435 /* CoreDataContainer+Expense.swift */; };
		79D1404A225C8E4300B11435 /* UITestHelper.swift in Sources */ = {isa = PBXBuildFile; fileRef = 79D14048225C8E4300B11435 /* UITestHelper.swift */; };
		79D1404B225C8E4300B11435 /* UserDefaults+Token.swift in Sources */ = {isa = PBXBuildFile; fileRef = 79D14049225C8E4300B11435 /* UserDefaults+Token.swift */; };
		79D1404D225C9F4100B11435 /* NewWalletViewController.swift in Sources */ = {isa = PBXBuildFile; fileRef = 79D1404C225C9F4100B11435 /* NewWalletViewController.swift */; };
		79D14051225CA10300B11435 /* Wallet.storyboard in Resources */ = {isa = PBXBuildFile; fileRef = 79D14050225CA10200B11435 /* Wallet.storyboard */; };
		79D14059225CB6C500B11435 /* terms.html in Resources */ = {isa = PBXBuildFile; fileRef = 79D14056225CB6C500B11435 /* terms.html */; };
		79D1405A225CB6C500B11435 /* privacy.html in Resources */ = {isa = PBXBuildFile; fileRef = 79D14057225CB6C500B11435 /* privacy.html */; };
		79D1405B225CB6C500B11435 /* subscription.html in Resources */ = {isa = PBXBuildFile; fileRef = 79D14058225CB6C500B11435 /* subscription.html */; };
		79D1406C225CC23200B11435 /* Wallet+Fetchable.swift in Sources */ = {isa = PBXBuildFile; fileRef = 79D1406B225CC23100B11435 /* Wallet+Fetchable.swift */; };
		79D1406E225CC23E00B11435 /* Category+Fetchable.swift in Sources */ = {isa = PBXBuildFile; fileRef = 79D1406D225CC23E00B11435 /* Category+Fetchable.swift */; };
		79D14070225CC24C00B11435 /* Entry+Fetchable.swift in Sources */ = {isa = PBXBuildFile; fileRef = 79D1406F225CC24C00B11435 /* Entry+Fetchable.swift */; };
		79D14076225CD47000B11435 /* WalletModel.swift in Sources */ = {isa = PBXBuildFile; fileRef = 79D14075225CD47000B11435 /* WalletModel.swift */; };
		79D14081225CE20600B11435 /* Analytics.swift in Sources */ = {isa = PBXBuildFile; fileRef = 79D1407F225CE20600B11435 /* Analytics.swift */; };
		79D7F0E2226F296C005866F3 /* BudgetEntryCell.xib in Resources */ = {isa = PBXBuildFile; fileRef = 79D7F0E1226F296C005866F3 /* BudgetEntryCell.xib */; };
		79D7F0E422708009005866F3 /* Category.storyboard in Resources */ = {isa = PBXBuildFile; fileRef = 79D7F0E322708009005866F3 /* Category.storyboard */; };
		79D7F0E6227086F9005866F3 /* BudgetCategoryCell.xib in Resources */ = {isa = PBXBuildFile; fileRef = 79D7F0E5227086F9005866F3 /* BudgetCategoryCell.xib */; };
		79D7F0E822708C51005866F3 /* BudgetEntrySelectCategoryCell.xib in Resources */ = {isa = PBXBuildFile; fileRef = 79D7F0E722708C51005866F3 /* BudgetEntrySelectCategoryCell.xib */; };
		79F98D752256053E0026C17B /* AppDelegate.swift in Sources */ = {isa = PBXBuildFile; fileRef = 79F98D742256053E0026C17B /* AppDelegate.swift */; };
		79F98D7C225605400026C17B /* Assets.xcassets in Resources */ = {isa = PBXBuildFile; fileRef = 79F98D7B225605400026C17B /* Assets.xcassets */; };
		79F98D7F225605400026C17B /* LaunchScreen.storyboard in Resources */ = {isa = PBXBuildFile; fileRef = 79F98D7D225605400026C17B /* LaunchScreen.storyboard */; };
		79F98D8A225605400026C17B /* expenseTests.swift in Sources */ = {isa = PBXBuildFile; fileRef = 79F98D89225605400026C17B /* expenseTests.swift */; };
		79F98D95225605400026C17B /* expenseUITests.swift in Sources */ = {isa = PBXBuildFile; fileRef = 79F98D94225605400026C17B /* expenseUITests.swift */; };
		79F98DA4225639710026C17B /* WalletViewController.swift in Sources */ = {isa = PBXBuildFile; fileRef = 79F98DA3225639710026C17B /* WalletViewController.swift */; };
		79F98DA622563ADA0026C17B /* R.generated.swift in Sources */ = {isa = PBXBuildFile; fileRef = 79F98DA522563ADA0026C17B /* R.generated.swift */; };
		79F98DA822563D6D0026C17B /* WalletCell.swift in Sources */ = {isa = PBXBuildFile; fileRef = 79F98DA722563D6D0026C17B /* WalletCell.swift */; };
		79F98DAA225643C00026C17B /* Settings.storyboard in Resources */ = {isa = PBXBuildFile; fileRef = 79F98DA9225643C00026C17B /* Settings.storyboard */; };
		79F98DAC2256457A0026C17B /* SettingsCell.swift in Sources */ = {isa = PBXBuildFile; fileRef = 79F98DAB2256457A0026C17B /* SettingsCell.swift */; };
		79F98DB02256470D0026C17B /* UserCell.swift in Sources */ = {isa = PBXBuildFile; fileRef = 79F98DAF2256470D0026C17B /* UserCell.swift */; };
		F4700AB500BC61366E250F21 /* Pods_expenseUITests.framework in Frameworks */ = {isa = PBXBuildFile; fileRef = 52B47F7E3CEC572915E7D231 /* Pods_expenseUITests.framework */; };
/* End PBXBuildFile section */

/* Begin PBXContainerItemProxy section */
		79F98D86225605400026C17B /* PBXContainerItemProxy */ = {
			isa = PBXContainerItemProxy;
			containerPortal = 79F98D692256053E0026C17B /* Project object */;
			proxyType = 1;
			remoteGlobalIDString = 79F98D702256053E0026C17B;
			remoteInfo = expense;
		};
		79F98D91225605400026C17B /* PBXContainerItemProxy */ = {
			isa = PBXContainerItemProxy;
			containerPortal = 79F98D692256053E0026C17B /* Project object */;
			proxyType = 1;
			remoteGlobalIDString = 79F98D702256053E0026C17B;
			remoteInfo = expense;
		};
/* End PBXContainerItemProxy section */

/* Begin PBXFileReference section */
		0F0656D62D1BBFEC8F3AD214 /* Pods-expenseUITests.release.xcconfig */ = {isa = PBXFileReference; includeInIndex = 1; lastKnownFileType = text.xcconfig; name = "Pods-expenseUITests.release.xcconfig"; path = "Target Support Files/Pods-expenseUITests/Pods-expenseUITests.release.xcconfig"; sourceTree = "<group>"; };
		0F40EFEF708DAC57612BC6E9 /* Pods-expenseTests.debug.xcconfig */ = {isa = PBXFileReference; includeInIndex = 1; lastKnownFileType = text.xcconfig; name = "Pods-expenseTests.debug.xcconfig"; path = "Target Support Files/Pods-expenseTests/Pods-expenseTests.debug.xcconfig"; sourceTree = "<group>"; };
		3F3B2193CB4E72383A193040 /* Pods_expenseTests.framework */ = {isa = PBXFileReference; explicitFileType = wrapper.framework; includeInIndex = 0; path = Pods_expenseTests.framework; sourceTree = BUILT_PRODUCTS_DIR; };
		47571043E57423AE48872687 /* BudgetEntryModel.swift */ = {isa = PBXFileReference; fileEncoding = 4; lastKnownFileType = sourcecode.swift; path = BudgetEntryModel.swift; sourceTree = "<group>"; };
		4757104753111F3520F64D98 /* BudgetEntryCell.swift */ = {isa = PBXFileReference; fileEncoding = 4; lastKnownFileType = sourcecode.swift; path = BudgetEntryCell.swift; sourceTree = "<group>"; };
		475710899650E58DE367F7C8 /* BudgetEntrySelectCategoryCell.swift */ = {isa = PBXFileReference; fileEncoding = 4; lastKnownFileType = sourcecode.swift; path = BudgetEntrySelectCategoryCell.swift; sourceTree = "<group>"; };
		475710AF4344CC89A041CEAD /* UIView+Find.swift */ = {isa = PBXFileReference; fileEncoding = 4; lastKnownFileType = sourcecode.swift; path = "UIView+Find.swift"; sourceTree = "<group>"; };
		475710DAA84B369B280C1E53 /* TextFieldCell.xib */ = {isa = PBXFileReference; lastKnownFileType = file.xib; name = TextFieldCell.xib; path = expense/TextFieldCell.xib; sourceTree = SOURCE_ROOT; };
		475711210260271622FB5649 /* Base */ = {isa = PBXFileReference; lastKnownFileType = file.storyboard; name = Base; path = Base.lproj/Main.storyboard; sourceTree = "<group>"; };
		47571134802B71FD03361F0F /* SettingsModel.swift */ = {isa = PBXFileReference; fileEncoding = 4; lastKnownFileType = sourcecode.swift; name = SettingsModel.swift; path = expense/SettingsModel.swift; sourceTree = SOURCE_ROOT; };
		475711938542B1094EBCFA5D /* DataItems.swift */ = {isa = PBXFileReference; fileEncoding = 4; lastKnownFileType = sourcecode.swift; path = DataItems.swift; sourceTree = "<group>"; };
		475711CB267B564C92DC832D /* TableFooterView.xib */ = {isa = PBXFileReference; lastKnownFileType = file.xib; path = TableFooterView.xib; sourceTree = "<group>"; };
		475711DEEE9E00BA2C50182E /* UserSection.swift */ = {isa = PBXFileReference; fileEncoding = 4; lastKnownFileType = sourcecode.swift; name = UserSection.swift; path = expense/UserSection.swift; sourceTree = SOURCE_ROOT; };
		4757127C2185E78EE95D2252 /* UIColor+Extension.swift */ = {isa = PBXFileReference; fileEncoding = 4; lastKnownFileType = sourcecode.swift; path = "UIColor+Extension.swift"; sourceTree = "<group>"; };
		475713425847F13BD9ECCE07 /* BudgetEntryItem.swift */ = {isa = PBXFileReference; fileEncoding = 4; lastKnownFileType = sourcecode.swift; path = BudgetEntryItem.swift; sourceTree = "<group>"; };
		47571360634EEA94F9DBB3C9 /* EmptyViewController.storyboard */ = {isa = PBXFileReference; lastKnownFileType = file.storyboard; path = EmptyViewController.storyboard; sourceTree = "<group>"; };
		47571366C25BF7920901D274 /* UserCell.xib */ = {isa = PBXFileReference; lastKnownFileType = file.xib; name = UserCell.xib; path = expense/UserCell.xib; sourceTree = SOURCE_ROOT; };
		4757136F12DB75A4653F929B /* NumberCell.swift */ = {isa = PBXFileReference; fileEncoding = 4; lastKnownFileType = sourcecode.swift; name = NumberCell.swift; path = expense/NumberCell.swift; sourceTree = SOURCE_ROOT; };
		475713978ADBDC1396656323 /* WalletItem.swift */ = {isa = PBXFileReference; fileEncoding = 4; lastKnownFileType = sourcecode.swift; path = WalletItem.swift; sourceTree = "<group>"; };
		47571473AEB318F17A5DBB81 /* SelectBudgetCategoryForEntryAction.swift */ = {isa = PBXFileReference; fileEncoding = 4; lastKnownFileType = sourcecode.swift; path = SelectBudgetCategoryForEntryAction.swift; sourceTree = "<group>"; };
		47571506FA17D321C0046837 /* BudgetCategoriesModel.swift */ = {isa = PBXFileReference; fileEncoding = 4; lastKnownFileType = sourcecode.swift; path = BudgetCategoriesModel.swift; sourceTree = "<group>"; };
		47571556CAB45440DFB08C25 /* TextFieldCell.swift */ = {isa = PBXFileReference; fileEncoding = 4; lastKnownFileType = sourcecode.swift; name = TextFieldCell.swift; path = expense/TextFieldCell.swift; sourceTree = SOURCE_ROOT; };
		475715DAB39CA4B74A5B597C /* CreateBudgetCategoryAction.swift */ = {isa = PBXFileReference; fileEncoding = 4; lastKnownFileType = sourcecode.swift; path = CreateBudgetCategoryAction.swift; sourceTree = "<group>"; };
		475715EE1DB2420B81F4350A /* SelectBudgetCategoryAction.swift */ = {isa = PBXFileReference; fileEncoding = 4; lastKnownFileType = sourcecode.swift; path = SelectBudgetCategoryAction.swift; sourceTree = "<group>"; };
		475716311C3E82F912DFAB5E /* BudgetCategoryEditViewController.swift */ = {isa = PBXFileReference; fileEncoding = 4; lastKnownFileType = sourcecode.swift; path = BudgetCategoryEditViewController.swift; sourceTree = "<group>"; };
		4757165367D89F9A8413328C /* Invoice+Predicate.swift */ = {isa = PBXFileReference; fileEncoding = 4; lastKnownFileType = sourcecode.swift; path = "Invoice+Predicate.swift"; sourceTree = "<group>"; };
		475717348ED8A6DF2AE92E69 /* BudgetCategoryItem.swift */ = {isa = PBXFileReference; fileEncoding = 4; lastKnownFileType = sourcecode.swift; path = BudgetCategoryItem.swift; sourceTree = "<group>"; };
		475717C01D9ECFAFC1751322 /* KeyboardAccessoryable.swift */ = {isa = PBXFileReference; fileEncoding = 4; lastKnownFileType = sourcecode.swift; name = KeyboardAccessoryable.swift; path = expense/KeyboardAccessoryable.swift; sourceTree = SOURCE_ROOT; };
		47571852CC6B256D9ECB5398 /* CornerView.swift */ = {isa = PBXFileReference; fileEncoding = 4; lastKnownFileType = sourcecode.swift; name = CornerView.swift; path = expense/CornerView.swift; sourceTree = SOURCE_ROOT; };
		475718581499F6B0A35A9901 /* BusinessSectionActions.swift */ = {isa = PBXFileReference; fileEncoding = 4; lastKnownFileType = sourcecode.swift; name = BusinessSectionActions.swift; path = expense/BusinessSectionActions.swift; sourceTree = SOURCE_ROOT; };
		475718765BC8020C9E867FB4 /* NumberValidator.swift */ = {isa = PBXFileReference; fileEncoding = 4; lastKnownFileType = sourcecode.swift; name = NumberValidator.swift; path = expense/NumberValidator.swift; sourceTree = SOURCE_ROOT; };
		47571891BF67107DF991303B /* BudgetCategoryCell.swift */ = {isa = PBXFileReference; fileEncoding = 4; lastKnownFileType = sourcecode.swift; path = BudgetCategoryCell.swift; sourceTree = "<group>"; };
		475718BA8617155F4031400B /* UIFont+Fira.swift */ = {isa = PBXFileReference; fileEncoding = 4; lastKnownFileType = sourcecode.swift; path = "UIFont+Fira.swift"; sourceTree = "<group>"; };
		47571931E9BE90BA87B6BD60 /* CreateWalletCell.swift */ = {isa = PBXFileReference; fileEncoding = 4; lastKnownFileType = sourcecode.swift; path = CreateWalletCell.swift; sourceTree = "<group>"; };
		47571937DD0B48E81B2CF93C /* CreateBudgetEntryAction.swift */ = {isa = PBXFileReference; fileEncoding = 4; lastKnownFileType = sourcecode.swift; path = CreateBudgetEntryAction.swift; sourceTree = "<group>"; };
		47571971AC7E9D3C9AB1EDA3 /* BusinessSection.swift */ = {isa = PBXFileReference; fileEncoding = 4; lastKnownFileType = sourcecode.swift; name = BusinessSection.swift; path = expense/BusinessSection.swift; sourceTree = SOURCE_ROOT; };
		475719E56C7E4BECB731D525 /* KeyboardAccessory.swift */ = {isa = PBXFileReference; fileEncoding = 4; lastKnownFileType = sourcecode.swift; name = KeyboardAccessory.swift; path = expense/KeyboardAccessory.swift; sourceTree = SOURCE_ROOT; };
		47571A5BDFE7B4AB3AC6D49B /* BudgetCategoryModel.swift */ = {isa = PBXFileReference; fileEncoding = 4; lastKnownFileType = sourcecode.swift; path = BudgetCategoryModel.swift; sourceTree = "<group>"; };
		47571AB8B81A38084B6018D4 /* SettingsCell.xib */ = {isa = PBXFileReference; lastKnownFileType = file.xib; path = SettingsCell.xib; sourceTree = "<group>"; };
		47571ADB15499231EF42EC00 /* CreateWalletAction.swift */ = {isa = PBXFileReference; fileEncoding = 4; lastKnownFileType = sourcecode.swift; path = CreateWalletAction.swift; sourceTree = "<group>"; };
		47571AF6AAB610DA3835B7CF /* KeyboardAccessory.xib */ = {isa = PBXFileReference; lastKnownFileType = file.xib; name = KeyboardAccessory.xib; path = expense/KeyboardAccessory.xib; sourceTree = SOURCE_ROOT; };
		47571AFFB6A59873EF2A24A1 /* NumberEntry.swift */ = {isa = PBXFileReference; fileEncoding = 4; lastKnownFileType = sourcecode.swift; name = NumberEntry.swift; path = expense/NumberEntry.swift; sourceTree = SOURCE_ROOT; };
		47571BA607FD9D14B6DEE5AC /* NumberCell.xib */ = {isa = PBXFileReference; lastKnownFileType = file.xib; name = NumberCell.xib; path = expense/NumberCell.xib; sourceTree = SOURCE_ROOT; };
		47571BB1632917F4B1CDDBF1 /* BudgetEntriesViewController.swift */ = {isa = PBXFileReference; fileEncoding = 4; lastKnownFileType = sourcecode.swift; path = BudgetEntriesViewController.swift; sourceTree = "<group>"; };
		47571C0EA1526E27F832C2AC /* SelectWalletAction.swift */ = {isa = PBXFileReference; fileEncoding = 4; lastKnownFileType = sourcecode.swift; path = SelectWalletAction.swift; sourceTree = "<group>"; };
		47571C2DC6072DBD0F46C3B7 /* BudgetCategoriesViewController.swift */ = {isa = PBXFileReference; fileEncoding = 4; lastKnownFileType = sourcecode.swift; path = BudgetCategoriesViewController.swift; sourceTree = "<group>"; };
		47571C563E641E6FBC819E34 /* PlaceholderTextField.swift */ = {isa = PBXFileReference; fileEncoding = 4; lastKnownFileType = sourcecode.swift; name = PlaceholderTextField.swift; path = expense/PlaceholderTextField.swift; sourceTree = SOURCE_ROOT; };
		47571C80C8F24253F47B7898 /* SelectBudgetEntryAction.swift */ = {isa = PBXFileReference; fileEncoding = 4; lastKnownFileType = sourcecode.swift; path = SelectBudgetEntryAction.swift; sourceTree = "<group>"; };
		47571CB4204C6749FEE23A60 /* SettingsController.swift */ = {isa = PBXFileReference; fileEncoding = 4; lastKnownFileType = sourcecode.swift; name = SettingsController.swift; path = expense/SettingsController.swift; sourceTree = SOURCE_ROOT; };
		47571D04E69E6690F14D3541 /* BadgeView.xib */ = {isa = PBXFileReference; lastKnownFileType = file.xib; path = BadgeView.xib; sourceTree = "<group>"; };
		47571D99E201664FF9A873F2 /* TapActions.swift */ = {isa = PBXFileReference; fileEncoding = 4; lastKnownFileType = sourcecode.swift; path = TapActions.swift; sourceTree = "<group>"; };
		47571DC8D7D15D1172357708 /* BudgetEntriesModel.swift */ = {isa = PBXFileReference; fileEncoding = 4; lastKnownFileType = sourcecode.swift; path = BudgetEntriesModel.swift; sourceTree = "<group>"; };
		47571E1AB78E36881958A35F /* Error+NSError.swift */ = {isa = PBXFileReference; fileEncoding = 4; lastKnownFileType = sourcecode.swift; path = "Error+NSError.swift"; sourceTree = "<group>"; };
		47571E886977622022C926D0 /* TextEntry.swift */ = {isa = PBXFileReference; fileEncoding = 4; lastKnownFileType = sourcecode.swift; name = TextEntry.swift; path = expense/TextEntry.swift; sourceTree = SOURCE_ROOT; };
		47571ED7915245F3A7389FB4 /* WalletsModel.swift */ = {isa = PBXFileReference; fileEncoding = 4; lastKnownFileType = sourcecode.swift; path = WalletsModel.swift; sourceTree = "<group>"; };
		47571F8A0D9E4C62569E6C6B /* EditBudgetEntryViewController.swift */ = {isa = PBXFileReference; fileEncoding = 4; lastKnownFileType = sourcecode.swift; path = EditBudgetEntryViewController.swift; sourceTree = "<group>"; };
		52B47F7E3CEC572915E7D231 /* Pods_expenseUITests.framework */ = {isa = PBXFileReference; explicitFileType = wrapper.framework; includeInIndex = 0; path = Pods_expenseUITests.framework; sourceTree = BUILT_PRODUCTS_DIR; };
		79679841225E2BB000C85009 /* WalletCell.xib */ = {isa = PBXFileReference; lastKnownFileType = file.xib; path = WalletCell.xib; sourceTree = "<group>"; };
		79679843225E2BC300C85009 /* CreateWalletCell.xib */ = {isa = PBXFileReference; fileEncoding = 4; lastKnownFileType = file.xib; path = CreateWalletCell.xib; sourceTree = "<group>"; };
		79D13FFF225B552600B11435 /* SettingsItem.swift */ = {isa = PBXFileReference; fileEncoding = 4; lastKnownFileType = sourcecode.swift; path = SettingsItem.swift; sourceTree = "<group>"; };
		79D14007225B67B300B11435 /* StoreService.swift */ = {isa = PBXFileReference; fileEncoding = 4; lastKnownFileType = sourcecode.swift; name = StoreService.swift; path = expense/Shared/StoreService.swift; sourceTree = SOURCE_ROOT; };
		79D14009225B67FF00B11435 /* TableFooterView.swift */ = {isa = PBXFileReference; fileEncoding = 4; lastKnownFileType = sourcecode.swift; name = TableFooterView.swift; path = expense/Shared/TableFooterView.swift; sourceTree = SOURCE_ROOT; };
		79D1400D225B6AD800B11435 /* Logger.swift */ = {isa = PBXFileReference; fileEncoding = 4; lastKnownFileType = sourcecode.swift; name = Logger.swift; path = expense/Shared/Logger.swift; sourceTree = SOURCE_ROOT; };
		79D1400F225B6B6400B11435 /* Date+String.swift */ = {isa = PBXFileReference; fileEncoding = 4; lastKnownFileType = sourcecode.swift; name = "Date+String.swift"; path = "expense/Shared/Date+String.swift"; sourceTree = SOURCE_ROOT; };
		79D14011225B6D0700B11435 /* Styling.swift */ = {isa = PBXFileReference; fileEncoding = 4; lastKnownFileType = sourcecode.swift; name = Styling.swift; path = expense/Shared/Styling.swift; sourceTree = SOURCE_ROOT; };
		79D14015225B72EC00B11435 /* InfoSection.swift */ = {isa = PBXFileReference; fileEncoding = 4; lastKnownFileType = sourcecode.swift; name = InfoSection.swift; path = expense/Shared/InfoSection.swift; sourceTree = SOURCE_ROOT; };
		79D14016225B72EC00B11435 /* InfoSectionActions.swift */ = {isa = PBXFileReference; fileEncoding = 4; lastKnownFileType = sourcecode.swift; name = InfoSectionActions.swift; path = expense/Shared/InfoSectionActions.swift; sourceTree = SOURCE_ROOT; };
		79D14020225B764200B11435 /* Base */ = {isa = PBXFileReference; lastKnownFileType = text.plist.strings; name = Base; path = Base.lproj/Localizable.strings; sourceTree = "<group>"; };
		79D14024225B7B3F00B11435 /* RatingAlertViewController.swift */ = {isa = PBXFileReference; fileEncoding = 4; lastKnownFileType = sourcecode.swift; name = RatingAlertViewController.swift; path = expense/Shared/RatingAlertViewController.swift; sourceTree = SOURCE_ROOT; };
		79D14026225B7B7900B11435 /* PrivacyController.swift */ = {isa = PBXFileReference; fileEncoding = 4; lastKnownFileType = sourcecode.swift; name = PrivacyController.swift; path = expense/Shared/PrivacyController.swift; sourceTree = SOURCE_ROOT; };
		79D14028225B7DCC00B11435 /* RatingService.swift */ = {isa = PBXFileReference; fileEncoding = 4; lastKnownFileType = sourcecode.swift; name = RatingService.swift; path = expense/Shared/RatingService.swift; sourceTree = SOURCE_ROOT; };
		79D1402A225B7EE100B11435 /* String+Error.swift */ = {isa = PBXFileReference; fileEncoding = 4; lastKnownFileType = sourcecode.swift; name = "String+Error.swift"; path = "expense/Shared/String+Error.swift"; sourceTree = SOURCE_ROOT; };
		79D1402C225B7F6400B11435 /* AppInfo.swift */ = {isa = PBXFileReference; fileEncoding = 4; lastKnownFileType = sourcecode.swift; name = AppInfo.swift; path = expense/Shared/AppInfo.swift; sourceTree = SOURCE_ROOT; };
		79D14032225B926700B11435 /* BadgeView.swift */ = {isa = PBXFileReference; fileEncoding = 4; lastKnownFileType = sourcecode.swift; name = BadgeView.swift; path = expense/Shared/BadgeView.swift; sourceTree = SOURCE_ROOT; };
		79D14046225C8AB800B11435 /* CoreDataContainer+Expense.swift */ = {isa = PBXFileReference; fileEncoding = 4; lastKnownFileType = sourcecode.swift; path = "CoreDataContainer+Expense.swift"; sourceTree = "<group>"; };
		79D14048225C8E4300B11435 /* UITestHelper.swift */ = {isa = PBXFileReference; fileEncoding = 4; lastKnownFileType = sourcecode.swift; path = UITestHelper.swift; sourceTree = "<group>"; };
		79D14049225C8E4300B11435 /* UserDefaults+Token.swift */ = {isa = PBXFileReference; fileEncoding = 4; lastKnownFileType = sourcecode.swift; path = "UserDefaults+Token.swift"; sourceTree = "<group>"; };
		79D1404C225C9F4100B11435 /* NewWalletViewController.swift */ = {isa = PBXFileReference; lastKnownFileType = sourcecode.swift; path = NewWalletViewController.swift; sourceTree = "<group>"; };
		79D14050225CA10200B11435 /* Wallet.storyboard */ = {isa = PBXFileReference; lastKnownFileType = file.storyboard; path = Wallet.storyboard; sourceTree = "<group>"; };
		79D14056225CB6C500B11435 /* terms.html */ = {isa = PBXFileReference; fileEncoding = 4; lastKnownFileType = text.html; path = terms.html; sourceTree = "<group>"; };
		79D14057225CB6C500B11435 /* privacy.html */ = {isa = PBXFileReference; fileEncoding = 4; lastKnownFileType = text.html; path = privacy.html; sourceTree = "<group>"; };
		79D14058225CB6C500B11435 /* subscription.html */ = {isa = PBXFileReference; fileEncoding = 4; lastKnownFileType = text.html; path = subscription.html; sourceTree = "<group>"; };
		79D1406B225CC23100B11435 /* Wallet+Fetchable.swift */ = {isa = PBXFileReference; lastKnownFileType = sourcecode.swift; path = "Wallet+Fetchable.swift"; sourceTree = "<group>"; };
		79D1406D225CC23E00B11435 /* Category+Fetchable.swift */ = {isa = PBXFileReference; lastKnownFileType = sourcecode.swift; path = "Category+Fetchable.swift"; sourceTree = "<group>"; };
		79D1406F225CC24C00B11435 /* Entry+Fetchable.swift */ = {isa = PBXFileReference; lastKnownFileType = sourcecode.swift; path = "Entry+Fetchable.swift"; sourceTree = "<group>"; };
		79D14075225CD47000B11435 /* WalletModel.swift */ = {isa = PBXFileReference; lastKnownFileType = sourcecode.swift; path = WalletModel.swift; sourceTree = "<group>"; };
		79D1407F225CE20600B11435 /* Analytics.swift */ = {isa = PBXFileReference; fileEncoding = 4; lastKnownFileType = sourcecode.swift; path = Analytics.swift; sourceTree = "<group>"; };
		79D7F0E1226F296C005866F3 /* BudgetEntryCell.xib */ = {isa = PBXFileReference; lastKnownFileType = file.xib; path = BudgetEntryCell.xib; sourceTree = "<group>"; };
		79D7F0E322708009005866F3 /* Category.storyboard */ = {isa = PBXFileReference; lastKnownFileType = file.storyboard; path = Category.storyboard; sourceTree = "<group>"; };
		79D7F0E5227086F9005866F3 /* BudgetCategoryCell.xib */ = {isa = PBXFileReference; lastKnownFileType = file.xib; path = BudgetCategoryCell.xib; sourceTree = "<group>"; };
		79D7F0E722708C51005866F3 /* BudgetEntrySelectCategoryCell.xib */ = {isa = PBXFileReference; lastKnownFileType = file.xib; path = BudgetEntrySelectCategoryCell.xib; sourceTree = "<group>"; };
		79F98D712256053E0026C17B /* expense.app */ = {isa = PBXFileReference; explicitFileType = wrapper.application; includeInIndex = 0; path = expense.app; sourceTree = BUILT_PRODUCTS_DIR; };
		79F98D742256053E0026C17B /* AppDelegate.swift */ = {isa = PBXFileReference; lastKnownFileType = sourcecode.swift; path = AppDelegate.swift; sourceTree = "<group>"; };
		79F98D7B225605400026C17B /* Assets.xcassets */ = {isa = PBXFileReference; lastKnownFileType = folder.assetcatalog; path = Assets.xcassets; sourceTree = "<group>"; };
		79F98D7E225605400026C17B /* Base */ = {isa = PBXFileReference; lastKnownFileType = file.storyboard; name = Base; path = Base.lproj/LaunchScreen.storyboard; sourceTree = "<group>"; };
		79F98D80225605400026C17B /* Info.plist */ = {isa = PBXFileReference; lastKnownFileType = text.plist.xml; path = Info.plist; sourceTree = "<group>"; };
		79F98D85225605400026C17B /* expenseTests.xctest */ = {isa = PBXFileReference; explicitFileType = wrapper.cfbundle; includeInIndex = 0; path = expenseTests.xctest; sourceTree = BUILT_PRODUCTS_DIR; };
		79F98D89225605400026C17B /* expenseTests.swift */ = {isa = PBXFileReference; lastKnownFileType = sourcecode.swift; path = expenseTests.swift; sourceTree = "<group>"; };
		79F98D8B225605400026C17B /* Info.plist */ = {isa = PBXFileReference; lastKnownFileType = text.plist.xml; path = Info.plist; sourceTree = "<group>"; };
		79F98D90225605400026C17B /* expenseUITests.xctest */ = {isa = PBXFileReference; explicitFileType = wrapper.cfbundle; includeInIndex = 0; path = expenseUITests.xctest; sourceTree = BUILT_PRODUCTS_DIR; };
		79F98D94225605400026C17B /* expenseUITests.swift */ = {isa = PBXFileReference; lastKnownFileType = sourcecode.swift; path = expenseUITests.swift; sourceTree = "<group>"; };
		79F98D96225605400026C17B /* Info.plist */ = {isa = PBXFileReference; lastKnownFileType = text.plist.xml; path = Info.plist; sourceTree = "<group>"; };
		79F98DA3225639710026C17B /* WalletViewController.swift */ = {isa = PBXFileReference; lastKnownFileType = sourcecode.swift; path = WalletViewController.swift; sourceTree = "<group>"; };
		79F98DA522563ADA0026C17B /* R.generated.swift */ = {isa = PBXFileReference; fileEncoding = 4; lastKnownFileType = sourcecode.swift; path = R.generated.swift; sourceTree = SOURCE_ROOT; };
		79F98DA722563D6D0026C17B /* WalletCell.swift */ = {isa = PBXFileReference; lastKnownFileType = sourcecode.swift; path = WalletCell.swift; sourceTree = "<group>"; };
		79F98DA9225643C00026C17B /* Settings.storyboard */ = {isa = PBXFileReference; lastKnownFileType = file.storyboard; path = Settings.storyboard; sourceTree = "<group>"; };
		79F98DAB2256457A0026C17B /* SettingsCell.swift */ = {isa = PBXFileReference; fileEncoding = 4; lastKnownFileType = sourcecode.swift; path = SettingsCell.swift; sourceTree = "<group>"; };
		79F98DAF2256470D0026C17B /* UserCell.swift */ = {isa = PBXFileReference; fileEncoding = 4; lastKnownFileType = sourcecode.swift; path = UserCell.swift; sourceTree = "<group>"; };
		982292CDDC061988462F331C /* Pods-expenseUITests.debug.xcconfig */ = {isa = PBXFileReference; includeInIndex = 1; lastKnownFileType = text.xcconfig; name = "Pods-expenseUITests.debug.xcconfig"; path = "Target Support Files/Pods-expenseUITests/Pods-expenseUITests.debug.xcconfig"; sourceTree = "<group>"; };
		B045DFA250E5B1A342F8C8F7 /* Pods-expense.release.xcconfig */ = {isa = PBXFileReference; includeInIndex = 1; lastKnownFileType = text.xcconfig; name = "Pods-expense.release.xcconfig"; path = "Target Support Files/Pods-expense/Pods-expense.release.xcconfig"; sourceTree = "<group>"; };
		BE861D7146213010F838D237 /* Pods-expenseTests.release.xcconfig */ = {isa = PBXFileReference; includeInIndex = 1; lastKnownFileType = text.xcconfig; name = "Pods-expenseTests.release.xcconfig"; path = "Target Support Files/Pods-expenseTests/Pods-expenseTests.release.xcconfig"; sourceTree = "<group>"; };
		C114864B225CA00A00A87A48 /* expense.entitlements */ = {isa = PBXFileReference; lastKnownFileType = text.plist.entitlements; path = expense.entitlements; sourceTree = "<group>"; };
		D2BC9C378CDA268C56E00020 /* Pods-expense.debug.xcconfig */ = {isa = PBXFileReference; includeInIndex = 1; lastKnownFileType = text.xcconfig; name = "Pods-expense.debug.xcconfig"; path = "Target Support Files/Pods-expense/Pods-expense.debug.xcconfig"; sourceTree = "<group>"; };
		F5390150F0DE85C1237DE9E6 /* Pods_expense.framework */ = {isa = PBXFileReference; explicitFileType = wrapper.framework; includeInIndex = 0; path = Pods_expense.framework; sourceTree = BUILT_PRODUCTS_DIR; };
/* End PBXFileReference section */

/* Begin PBXFrameworksBuildPhase section */
		79F98D6E2256053E0026C17B /* Frameworks */ = {
			isa = PBXFrameworksBuildPhase;
			buildActionMask = 2147483647;
			files = (
				245F6595BFB660C0DCB88EC1 /* Pods_expense.framework in Frameworks */,
			);
			runOnlyForDeploymentPostprocessing = 0;
		};
		79F98D82225605400026C17B /* Frameworks */ = {
			isa = PBXFrameworksBuildPhase;
			buildActionMask = 2147483647;
			files = (
				5C4EE1D4C3B9C8635E265EA9 /* Pods_expenseTests.framework in Frameworks */,
			);
			runOnlyForDeploymentPostprocessing = 0;
		};
		79F98D8D225605400026C17B /* Frameworks */ = {
			isa = PBXFrameworksBuildPhase;
			buildActionMask = 2147483647;
			files = (
				F4700AB500BC61366E250F21 /* Pods_expenseUITests.framework in Frameworks */,
			);
			runOnlyForDeploymentPostprocessing = 0;
		};
/* End PBXFrameworksBuildPhase section */

/* Begin PBXGroup section */
		3FC5434D88B24A6FA8526DFC /* Frameworks */ = {
			isa = PBXGroup;
			children = (
				F5390150F0DE85C1237DE9E6 /* Pods_expense.framework */,
				3F3B2193CB4E72383A193040 /* Pods_expenseTests.framework */,
				52B47F7E3CEC572915E7D231 /* Pods_expenseUITests.framework */,
			);
			name = Frameworks;
			sourceTree = "<group>";
		};
		47571005B5FC24C56C961A0C /* Action */ = {
			isa = PBXGroup;
			children = (
				475715EE1DB2420B81F4350A /* SelectBudgetCategoryAction.swift */,
				475715DAB39CA4B74A5B597C /* CreateBudgetCategoryAction.swift */,
			);
			path = Action;
			sourceTree = "<group>";
		};
		475711015069D97C64A74373 /* Views */ = {
			isa = PBXGroup;
			children = (
				4757136F12DB75A4653F929B /* NumberCell.swift */,
				47571AFFB6A59873EF2A24A1 /* NumberEntry.swift */,
				475718765BC8020C9E867FB4 /* NumberValidator.swift */,
				47571BA607FD9D14B6DEE5AC /* NumberCell.xib */,
				47571AF6AAB610DA3835B7CF /* KeyboardAccessory.xib */,
				475719E56C7E4BECB731D525 /* KeyboardAccessory.swift */,
				475717C01D9ECFAFC1751322 /* KeyboardAccessoryable.swift */,
				47571852CC6B256D9ECB5398 /* CornerView.swift */,
				47571556CAB45440DFB08C25 /* TextFieldCell.swift */,
				475710DAA84B369B280C1E53 /* TextFieldCell.xib */,
				47571E886977622022C926D0 /* TextEntry.swift */,
				47571C563E641E6FBC819E34 /* PlaceholderTextField.swift */,
			);
			name = Views;
			sourceTree = "<group>";
		};
		475711CAD00C5415AC4BFCF6 /* Action */ = {
			isa = PBXGroup;
			children = (
				47571C80C8F24253F47B7898 /* SelectBudgetEntryAction.swift */,
				47571937DD0B48E81B2CF93C /* CreateBudgetEntryAction.swift */,
				47571473AEB318F17A5DBB81 /* SelectBudgetCategoryForEntryAction.swift */,
			);
			path = Action;
			sourceTree = "<group>";
		};
		47571A8379908A0ECDB1C625 /* Category */ = {
			isa = PBXGroup;
			children = (
				47571891BF67107DF991303B /* BudgetCategoryCell.swift */,
				79D7F0E322708009005866F3 /* Category.storyboard */,
				47571C2DC6072DBD0F46C3B7 /* BudgetCategoriesViewController.swift */,
				47571506FA17D321C0046837 /* BudgetCategoriesModel.swift */,
				475717348ED8A6DF2AE92E69 /* BudgetCategoryItem.swift */,
				79D7F0E5227086F9005866F3 /* BudgetCategoryCell.xib */,
				47571005B5FC24C56C961A0C /* Action */,
				475716311C3E82F912DFAB5E /* BudgetCategoryEditViewController.swift */,
				47571A5BDFE7B4AB3AC6D49B /* BudgetCategoryModel.swift */,
			);
			path = Category;
			sourceTree = "<group>";
		};
		47571DD5A6D5CBE51C4CB2B2 /* Entry */ = {
			isa = PBXGroup;
			children = (
				47571BB1632917F4B1CDDBF1 /* BudgetEntriesViewController.swift */,
				47571DC8D7D15D1172357708 /* BudgetEntriesModel.swift */,
				475713425847F13BD9ECCE07 /* BudgetEntryItem.swift */,
				4757104753111F3520F64D98 /* BudgetEntryCell.swift */,
				79D7F0E1226F296C005866F3 /* BudgetEntryCell.xib */,
				47571043E57423AE48872687 /* BudgetEntryModel.swift */,
				475711CAD00C5415AC4BFCF6 /* Action */,
				47571F8A0D9E4C62569E6C6B /* EditBudgetEntryViewController.swift */,
				475710899650E58DE367F7C8 /* BudgetEntrySelectCategoryCell.swift */,
				79D7F0E722708C51005866F3 /* BudgetEntrySelectCategoryCell.xib */,
			);
			path = Entry;
			sourceTree = "<group>";
		};
		613E8A434839AE73A521BC51 /* Pods */ = {
			isa = PBXGroup;
			children = (
				D2BC9C378CDA268C56E00020 /* Pods-expense.debug.xcconfig */,
				B045DFA250E5B1A342F8C8F7 /* Pods-expense.release.xcconfig */,
				0F40EFEF708DAC57612BC6E9 /* Pods-expenseTests.debug.xcconfig */,
				BE861D7146213010F838D237 /* Pods-expenseTests.release.xcconfig */,
				982292CDDC061988462F331C /* Pods-expenseUITests.debug.xcconfig */,
				0F0656D62D1BBFEC8F3AD214 /* Pods-expenseUITests.release.xcconfig */,
			);
			path = Pods;
			sourceTree = "<group>";
		};
		79D1402E225B8C2800B11435 /* Shared */ = {
			isa = PBXGroup;
			children = (
				79D1403F225BA86D00B11435 /* Store */,
				79D1403C225BA7B200B11435 /* Setting */,
				79D1403B225B9AB100B11435 /* Utils */,
				475711015069D97C64A74373 /* Views */,
				47571D99E201664FF9A873F2 /* TapActions.swift */,
			);
			path = Shared;
			sourceTree = "<group>";
		};
		79D1403B225B9AB100B11435 /* Utils */ = {
			isa = PBXGroup;
			children = (
				79D1402C225B7F6400B11435 /* AppInfo.swift */,
				79D1402A225B7EE100B11435 /* String+Error.swift */,
				79D14011225B6D0700B11435 /* Styling.swift */,
				79D1400F225B6B6400B11435 /* Date+String.swift */,
				79D1400D225B6AD800B11435 /* Logger.swift */,
				475711DEEE9E00BA2C50182E /* UserSection.swift */,
			);
			name = Utils;
			sourceTree = "<group>";
		};
		79D1403C225BA7B200B11435 /* Setting */ = {
			isa = PBXGroup;
			children = (
				79D14041225C738900B11435 /* Cell */,
				79D14040225C738300B11435 /* View */,
				79D1403E225BA83200B11435 /* Actions */,
				79D1403D225BA80C00B11435 /* Model */,
				47571CB4204C6749FEE23A60 /* SettingsController.swift */,
				47571134802B71FD03361F0F /* SettingsModel.swift */,
			);
			name = Setting;
			sourceTree = "<group>";
		};
		79D1403D225BA80C00B11435 /* Model */ = {
			isa = PBXGroup;
			children = (
				79D14015225B72EC00B11435 /* InfoSection.swift */,
				79D13FFF225B552600B11435 /* SettingsItem.swift */,
				79D14016225B72EC00B11435 /* InfoSectionActions.swift */,
				475718581499F6B0A35A9901 /* BusinessSectionActions.swift */,
				47571971AC7E9D3C9AB1EDA3 /* BusinessSection.swift */,
			);
			name = Model;
			sourceTree = "<group>";
		};
		79D1403E225BA83200B11435 /* Actions */ = {
			isa = PBXGroup;
			children = (
				79D14028225B7DCC00B11435 /* RatingService.swift */,
				79D14026225B7B7900B11435 /* PrivacyController.swift */,
				79D14024225B7B3F00B11435 /* RatingAlertViewController.swift */,
			);
			name = Actions;
			sourceTree = "<group>";
		};
		79D1403F225BA86D00B11435 /* Store */ = {
			isa = PBXGroup;
			children = (
				79D14007225B67B300B11435 /* StoreService.swift */,
			);
			name = Store;
			sourceTree = "<group>";
		};
		79D14040225C738300B11435 /* View */ = {
			isa = PBXGroup;
			children = (
				79D14009225B67FF00B11435 /* TableFooterView.swift */,
				79D14032225B926700B11435 /* BadgeView.swift */,
				47571D04E69E6690F14D3541 /* BadgeView.xib */,
				475711CB267B564C92DC832D /* TableFooterView.xib */,
			);
			name = View;
			sourceTree = "<group>";
		};
		79D14041225C738900B11435 /* Cell */ = {
			isa = PBXGroup;
			children = (
				79F98DAB2256457A0026C17B /* SettingsCell.swift */,
				79F98DAF2256470D0026C17B /* UserCell.swift */,
				47571AB8B81A38084B6018D4 /* SettingsCell.xib */,
				47571366C25BF7920901D274 /* UserCell.xib */,
			);
			name = Cell;
			sourceTree = "<group>";
		};
		79D14045225C8A7700B11435 /* Utils */ = {
			isa = PBXGroup;
			children = (
				79D14048225C8E4300B11435 /* UITestHelper.swift */,
				79D14049225C8E4300B11435 /* UserDefaults+Token.swift */,
				79D14046225C8AB800B11435 /* CoreDataContainer+Expense.swift */,
				475711938542B1094EBCFA5D /* DataItems.swift */,
				47571E1AB78E36881958A35F /* Error+NSError.swift */,
				475710AF4344CC89A041CEAD /* UIView+Find.swift */,
				475718BA8617155F4031400B /* UIFont+Fira.swift */,
				4757127C2185E78EE95D2252 /* UIColor+Extension.swift */,
			);
			name = Utils;
			sourceTree = "<group>";
		};
		79D1404E225CA0C300B11435 /* Storyboards */ = {
			isa = PBXGroup;
			children = (
				79F98DA9225643C00026C17B /* Settings.storyboard */,
				79F98D7D225605400026C17B /* LaunchScreen.storyboard */,
				47571360634EEA94F9DBB3C9 /* EmptyViewController.storyboard */,
				4757111F6B110CD3FE3EE48D /* Main.storyboard */,
			);
			name = Storyboards;
			sourceTree = "<group>";
		};
		79D1404F225CA0E100B11435 /* Wallet */ = {
			isa = PBXGroup;
			children = (
				79679843225E2BC300C85009 /* CreateWalletCell.xib */,
				79F98DA3225639710026C17B /* WalletViewController.swift */,
				79F98DA722563D6D0026C17B /* WalletCell.swift */,
				79D1404C225C9F4100B11435 /* NewWalletViewController.swift */,
				79D14050225CA10200B11435 /* Wallet.storyboard */,
				79D14075225CD47000B11435 /* WalletModel.swift */,
				79679841225E2BB000C85009 /* WalletCell.xib */,
				47571931E9BE90BA87B6BD60 /* CreateWalletCell.swift */,
				475713978ADBDC1396656323 /* WalletItem.swift */,
				47571ED7915245F3A7389FB4 /* WalletsModel.swift */,
				47571C0EA1526E27F832C2AC /* SelectWalletAction.swift */,
				47571ADB15499231EF42EC00 /* CreateWalletAction.swift */,
			);
			path = Wallet;
			sourceTree = "<group>";
		};
		79D1405D225CB6D000B11435 /* Support */ = {
			isa = PBXGroup;
			children = (
				79D14057225CB6C500B11435 /* privacy.html */,
				79D14058225CB6C500B11435 /* subscription.html */,
				79D14056225CB6C500B11435 /* terms.html */,
			);
			name = Support;
			sourceTree = "<group>";
		};
		79D1405F225CB6EA00B11435 /* Database */ = {
			isa = PBXGroup;
			children = (
				79D1406B225CC23100B11435 /* Wallet+Fetchable.swift */,
				79D1406D225CC23E00B11435 /* Category+Fetchable.swift */,
				79D1406F225CC24C00B11435 /* Entry+Fetchable.swift */,
				4757165367D89F9A8413328C /* Invoice+Predicate.swift */,
			);
			name = Database;
			sourceTree = "<group>";
		};
		79F98D682256053E0026C17B = {
			isa = PBXGroup;
			children = (
				79F98D732256053E0026C17B /* expense */,
				79F98D88225605400026C17B /* expenseTests */,
				79F98D93225605400026C17B /* expenseUITests */,
				79F98D722256053E0026C17B /* Products */,
				613E8A434839AE73A521BC51 /* Pods */,
				3FC5434D88B24A6FA8526DFC /* Frameworks */,
			);
			sourceTree = "<group>";
		};
		79F98D722256053E0026C17B /* Products */ = {
			isa = PBXGroup;
			children = (
				79F98D712256053E0026C17B /* expense.app */,
				79F98D85225605400026C17B /* expenseTests.xctest */,
				79F98D90225605400026C17B /* expenseUITests.xctest */,
			);
			name = Products;
			sourceTree = "<group>";
		};
		79F98D732256053E0026C17B /* expense */ = {
			isa = PBXGroup;
			children = (
				79D1407F225CE20600B11435 /* Analytics.swift */,
				79D1405F225CB6EA00B11435 /* Database */,
				79D1405D225CB6D000B11435 /* Support */,
				C114864B225CA00A00A87A48 /* expense.entitlements */,
				79D1404F225CA0E100B11435 /* Wallet */,
				79D1404E225CA0C300B11435 /* Storyboards */,
				79D14045225C8A7700B11435 /* Utils */,
				79D1402E225B8C2800B11435 /* Shared */,
				79D1401F225B764200B11435 /* Localizable.strings */,
				79F98DA522563ADA0026C17B /* R.generated.swift */,
				79F98D742256053E0026C17B /* AppDelegate.swift */,
				79F98D7B225605400026C17B /* Assets.xcassets */,
				79F98D80225605400026C17B /* Info.plist */,
				47571DD5A6D5CBE51C4CB2B2 /* Entry */,
				47571A8379908A0ECDB1C625 /* Category */,
			);
			path = expense;
			sourceTree = "<group>";
		};
		79F98D88225605400026C17B /* expenseTests */ = {
			isa = PBXGroup;
			children = (
				79F98D89225605400026C17B /* expenseTests.swift */,
				79F98D8B225605400026C17B /* Info.plist */,
			);
			path = expenseTests;
			sourceTree = "<group>";
		};
		79F98D93225605400026C17B /* expenseUITests */ = {
			isa = PBXGroup;
			children = (
				79F98D94225605400026C17B /* expenseUITests.swift */,
				79F98D96225605400026C17B /* Info.plist */,
			);
			path = expenseUITests;
			sourceTree = "<group>";
		};
/* End PBXGroup section */

/* Begin PBXNativeTarget section */
		79F98D702256053E0026C17B /* expense */ = {
			isa = PBXNativeTarget;
			buildConfigurationList = 79F98D99225605400026C17B /* Build configuration list for PBXNativeTarget "expense" */;
			buildPhases = (
				7DA8383808880EFAFD11D86D /* [CP] Check Pods Manifest.lock */,
				79F98DA222560EF00026C17B /* R.Script */,
				79F98D6D2256053E0026C17B /* Sources */,
				79F98D6E2256053E0026C17B /* Frameworks */,
				79F98D6F2256053E0026C17B /* Resources */,
				EDB4E0ECFA82AA956C3F19DB /* [CP] Embed Pods Frameworks */,
				B693521BEFF591E6BBF1A11E /* [CP] Copy Pods Resources */,
			);
			buildRules = (
			);
			dependencies = (
			);
			name = expense;
			productName = expense;
			productReference = 79F98D712256053E0026C17B /* expense.app */;
			productType = "com.apple.product-type.application";
		};
		79F98D84225605400026C17B /* expenseTests */ = {
			isa = PBXNativeTarget;
			buildConfigurationList = 79F98D9C225605400026C17B /* Build configuration list for PBXNativeTarget "expenseTests" */;
			buildPhases = (
				630EB94EDC96A437EE0D1325 /* [CP] Check Pods Manifest.lock */,
				79F98D81225605400026C17B /* Sources */,
				79F98D82225605400026C17B /* Frameworks */,
				79F98D83225605400026C17B /* Resources */,
			);
			buildRules = (
			);
			dependencies = (
				79F98D87225605400026C17B /* PBXTargetDependency */,
			);
			name = expenseTests;
			productName = expenseTests;
			productReference = 79F98D85225605400026C17B /* expenseTests.xctest */;
			productType = "com.apple.product-type.bundle.unit-test";
		};
		79F98D8F225605400026C17B /* expenseUITests */ = {
			isa = PBXNativeTarget;
			buildConfigurationList = 79F98D9F225605400026C17B /* Build configuration list for PBXNativeTarget "expenseUITests" */;
			buildPhases = (
				2965152148CC62B2F4B59712 /* [CP] Check Pods Manifest.lock */,
				79F98D8C225605400026C17B /* Sources */,
				79F98D8D225605400026C17B /* Frameworks */,
				79F98D8E225605400026C17B /* Resources */,
			);
			buildRules = (
			);
			dependencies = (
				79F98D92225605400026C17B /* PBXTargetDependency */,
			);
			name = expenseUITests;
			productName = expenseUITests;
			productReference = 79F98D90225605400026C17B /* expenseUITests.xctest */;
			productType = "com.apple.product-type.bundle.ui-testing";
		};
/* End PBXNativeTarget section */

/* Begin PBXProject section */
		79F98D692256053E0026C17B /* Project object */ = {
			isa = PBXProject;
			attributes = {
				LastSwiftUpdateCheck = 1020;
				LastUpgradeCheck = 1020;
				ORGANIZATIONNAME = "meisterwork GmbH";
				TargetAttributes = {
					79F98D702256053E0026C17B = {
						CreatedOnToolsVersion = 10.2;
						SystemCapabilities = {
							com.apple.ApplicationGroups.iOS = {
								enabled = 1;
							};
						};
					};
					79F98D84225605400026C17B = {
						CreatedOnToolsVersion = 10.2;
						TestTargetID = 79F98D702256053E0026C17B;
					};
					79F98D8F225605400026C17B = {
						CreatedOnToolsVersion = 10.2;
						TestTargetID = 79F98D702256053E0026C17B;
					};
				};
			};
			buildConfigurationList = 79F98D6C2256053E0026C17B /* Build configuration list for PBXProject "expense" */;
			compatibilityVersion = "Xcode 9.3";
			developmentRegion = en;
			hasScannedForEncodings = 0;
			knownRegions = (
				en,
				Base,
			);
			mainGroup = 79F98D682256053E0026C17B;
			productRefGroup = 79F98D722256053E0026C17B /* Products */;
			projectDirPath = "";
			projectRoot = "";
			targets = (
				79F98D702256053E0026C17B /* expense */,
				79F98D84225605400026C17B /* expenseTests */,
				79F98D8F225605400026C17B /* expenseUITests */,
			);
		};
/* End PBXProject section */

/* Begin PBXResourcesBuildPhase section */
		79F98D6F2256053E0026C17B /* Resources */ = {
			isa = PBXResourcesBuildPhase;
			buildActionMask = 2147483647;
			files = (
				79F98D7F225605400026C17B /* LaunchScreen.storyboard in Resources */,
				79679842225E2BB000C85009 /* WalletCell.xib in Resources */,
				79D7F0E2226F296C005866F3 /* BudgetEntryCell.xib in Resources */,
				79D7F0E422708009005866F3 /* Category.storyboard in Resources */,
				79D14051225CA10300B11435 /* Wallet.storyboard in Resources */,
				79F98D7C225605400026C17B /* Assets.xcassets in Resources */,
				79679844225E2BC300C85009 /* CreateWalletCell.xib in Resources */,
				79D1405A225CB6C500B11435 /* privacy.html in Resources */,
				79D14021225B764300B11435 /* Localizable.strings in Resources */,
				79D14059225CB6C500B11435 /* terms.html in Resources */,
				79D1405B225CB6C500B11435 /* subscription.html in Resources */,
				79F98DAA225643C00026C17B /* Settings.storyboard in Resources */,
				47571613BECE6D76971EBD53 /* EmptyViewController.storyboard in Resources */,
				4757183A32053C4A350EDAF2 /* NumberCell.xib in Resources */,
				475712FE6B5C2BEBCB03CB8A /* KeyboardAccessory.xib in Resources */,
				47571AF8C28554E34CCFDE3D /* SettingsCell.xib in Resources */,
				79D7F0E822708C51005866F3 /* BudgetEntrySelectCategoryCell.xib in Resources */,
				475715D4343A5F7FC7B1B581 /* BadgeView.xib in Resources */,
				47571422FC46485461F8CDC6 /* TableFooterView.xib in Resources */,
				79D7F0E6227086F9005866F3 /* BudgetCategoryCell.xib in Resources */,
				4757137357ED0ADDF88CCAB1 /* UserCell.xib in Resources */,
				47571340410F8B0E707DD24A /* Main.storyboard in Resources */,
				47571538BAE7E55646250590 /* TextFieldCell.xib in Resources */,
			);
			runOnlyForDeploymentPostprocessing = 0;
		};
		79F98D83225605400026C17B /* Resources */ = {
			isa = PBXResourcesBuildPhase;
			buildActionMask = 2147483647;
			files = (
			);
			runOnlyForDeploymentPostprocessing = 0;
		};
		79F98D8E225605400026C17B /* Resources */ = {
			isa = PBXResourcesBuildPhase;
			buildActionMask = 2147483647;
			files = (
			);
			runOnlyForDeploymentPostprocessing = 0;
		};
/* End PBXResourcesBuildPhase section */

/* Begin PBXShellScriptBuildPhase section */
		2965152148CC62B2F4B59712 /* [CP] Check Pods Manifest.lock */ = {
			isa = PBXShellScriptBuildPhase;
			buildActionMask = 2147483647;
			files = (
			);
			inputFileListPaths = (
			);
			inputPaths = (
				"${PODS_PODFILE_DIR_PATH}/Podfile.lock",
				"${PODS_ROOT}/Manifest.lock",
			);
			name = "[CP] Check Pods Manifest.lock";
			outputFileListPaths = (
			);
			outputPaths = (
				"$(DERIVED_FILE_DIR)/Pods-expenseUITests-checkManifestLockResult.txt",
			);
			runOnlyForDeploymentPostprocessing = 0;
			shellPath = /bin/sh;
			shellScript = "diff \"${PODS_PODFILE_DIR_PATH}/Podfile.lock\" \"${PODS_ROOT}/Manifest.lock\" > /dev/null\nif [ $? != 0 ] ; then\n    # print error to STDERR\n    echo \"error: The sandbox is not in sync with the Podfile.lock. Run 'pod install' or update your CocoaPods installation.\" >&2\n    exit 1\nfi\n# This output is used by Xcode 'outputs' to avoid re-running this script phase.\necho \"SUCCESS\" > \"${SCRIPT_OUTPUT_FILE_0}\"\n";
			showEnvVarsInLog = 0;
		};
		630EB94EDC96A437EE0D1325 /* [CP] Check Pods Manifest.lock */ = {
			isa = PBXShellScriptBuildPhase;
			buildActionMask = 2147483647;
			files = (
			);
			inputFileListPaths = (
			);
			inputPaths = (
				"${PODS_PODFILE_DIR_PATH}/Podfile.lock",
				"${PODS_ROOT}/Manifest.lock",
			);
			name = "[CP] Check Pods Manifest.lock";
			outputFileListPaths = (
			);
			outputPaths = (
				"$(DERIVED_FILE_DIR)/Pods-expenseTests-checkManifestLockResult.txt",
			);
			runOnlyForDeploymentPostprocessing = 0;
			shellPath = /bin/sh;
			shellScript = "diff \"${PODS_PODFILE_DIR_PATH}/Podfile.lock\" \"${PODS_ROOT}/Manifest.lock\" > /dev/null\nif [ $? != 0 ] ; then\n    # print error to STDERR\n    echo \"error: The sandbox is not in sync with the Podfile.lock. Run 'pod install' or update your CocoaPods installation.\" >&2\n    exit 1\nfi\n# This output is used by Xcode 'outputs' to avoid re-running this script phase.\necho \"SUCCESS\" > \"${SCRIPT_OUTPUT_FILE_0}\"\n";
			showEnvVarsInLog = 0;
		};
		79F98DA222560EF00026C17B /* R.Script */ = {
			isa = PBXShellScriptBuildPhase;
			buildActionMask = 2147483647;
			files = (
			);
			inputFileListPaths = (
			);
			inputPaths = (
				"$TEMP_DIR/rswift-lastrun",
			);
			name = R.Script;
			outputFileListPaths = (
			);
			outputPaths = (
				$SRCROOT/R.generated.swift,
			);
			runOnlyForDeploymentPostprocessing = 0;
			shellPath = /bin/sh;
			shellScript = "# Type a script or drag a script file from your workspace to insert its path.\n\"$PODS_ROOT/R.swift/rswift\" generate \"$SRCROOT/R.generated.swift\"\n";
		};
		7DA8383808880EFAFD11D86D /* [CP] Check Pods Manifest.lock */ = {
			isa = PBXShellScriptBuildPhase;
			buildActionMask = 2147483647;
			files = (
			);
			inputFileListPaths = (
			);
			inputPaths = (
				"${PODS_PODFILE_DIR_PATH}/Podfile.lock",
				"${PODS_ROOT}/Manifest.lock",
			);
			name = "[CP] Check Pods Manifest.lock";
			outputFileListPaths = (
			);
			outputPaths = (
				"$(DERIVED_FILE_DIR)/Pods-expense-checkManifestLockResult.txt",
			);
			runOnlyForDeploymentPostprocessing = 0;
			shellPath = /bin/sh;
			shellScript = "diff \"${PODS_PODFILE_DIR_PATH}/Podfile.lock\" \"${PODS_ROOT}/Manifest.lock\" > /dev/null\nif [ $? != 0 ] ; then\n    # print error to STDERR\n    echo \"error: The sandbox is not in sync with the Podfile.lock. Run 'pod install' or update your CocoaPods installation.\" >&2\n    exit 1\nfi\n# This output is used by Xcode 'outputs' to avoid re-running this script phase.\necho \"SUCCESS\" > \"${SCRIPT_OUTPUT_FILE_0}\"\n";
			showEnvVarsInLog = 0;
		};
		B693521BEFF591E6BBF1A11E /* [CP] Copy Pods Resources */ = {
			isa = PBXShellScriptBuildPhase;
			buildActionMask = 2147483647;
			files = (
			);
			inputFileListPaths = (
			);
			inputPaths = (
				"${PODS_ROOT}/Target Support Files/Pods-expense/Pods-expense-resources.sh",
				"${PODS_ROOT}/GoogleSignIn/Resources/GoogleSignIn.bundle",
			);
			name = "[CP] Copy Pods Resources";
			outputFileListPaths = (
			);
			outputPaths = (
				"${TARGET_BUILD_DIR}/${UNLOCALIZED_RESOURCES_FOLDER_PATH}/GoogleSignIn.bundle",
			);
			runOnlyForDeploymentPostprocessing = 0;
			shellPath = /bin/sh;
			shellScript = "\"${PODS_ROOT}/Target Support Files/Pods-expense/Pods-expense-resources.sh\"\n";
			showEnvVarsInLog = 0;
		};
		EDB4E0ECFA82AA956C3F19DB /* [CP] Embed Pods Frameworks */ = {
			isa = PBXShellScriptBuildPhase;
			buildActionMask = 2147483647;
			files = (
			);
			inputFileListPaths = (
			);
			inputPaths = (
				"${PODS_ROOT}/Target Support Files/Pods-expense/Pods-expense-frameworks.sh",
				"${BUILT_PRODUCTS_DIR}/Alamofire/Alamofire.framework",
				"${BUILT_PRODUCTS_DIR}/Amplitude-iOS/Amplitude_iOS.framework",
				"${BUILT_PRODUCTS_DIR}/Bolts/Bolts.framework",
				"${BUILT_PRODUCTS_DIR}/Charts/Charts.framework",
				"${BUILT_PRODUCTS_DIR}/CommonUI/CommonUI.framework",
				"${BUILT_PRODUCTS_DIR}/CommonUtil/CommonUtil.framework",
				"${BUILT_PRODUCTS_DIR}/CoreDataExtensio/CoreDataExtensio.framework",
				"${BUILT_PRODUCTS_DIR}/DTFoundation/DTFoundation.framework",
				"${BUILT_PRODUCTS_DIR}/EmailValidator/EmailValidator.framework",
				"${BUILT_PRODUCTS_DIR}/FBSDKCoreKit/FBSDKCoreKit.framework",
				"${BUILT_PRODUCTS_DIR}/FacebookCore/FacebookCore.framework",
				"${BUILT_PRODUCTS_DIR}/GTMSessionFetcher/GTMSessionFetcher.framework",
				"${BUILT_PRODUCTS_DIR}/GoogleToolboxForMac/GoogleToolboxForMac.framework",
				"${BUILT_PRODUCTS_DIR}/GoogleUtilities/GoogleUtilities.framework",
				"${BUILT_PRODUCTS_DIR}/ImageStorage/ImageStorage.framework",
				"${BUILT_PRODUCTS_DIR}/InvoiceBotSDK/InvoiceBotSDK.framework",
				"${BUILT_PRODUCTS_DIR}/JLRoutes/JLRoutes.framework",
				"${BUILT_PRODUCTS_DIR}/Kvitto/Kvitto.framework",
				"${BUILT_PRODUCTS_DIR}/Moya/Moya.framework",
				"${BUILT_PRODUCTS_DIR}/Protobuf/Protobuf.framework",
				"${BUILT_PRODUCTS_DIR}/R.swift.Library/Rswift.framework",
				"${BUILT_PRODUCTS_DIR}/Reachability/Reachability.framework",
				"${BUILT_PRODUCTS_DIR}/Result/Result.framework",
				"${BUILT_PRODUCTS_DIR}/RxCocoa/RxCocoa.framework",
				"${BUILT_PRODUCTS_DIR}/RxOptional/RxOptional.framework",
				"${BUILT_PRODUCTS_DIR}/RxSwift/RxSwift.framework",
				"${BUILT_PRODUCTS_DIR}/SupportEmail/SupportEmail.framework",
				"${BUILT_PRODUCTS_DIR}/SwiftRichString/SwiftRichString.framework",
				"${BUILT_PRODUCTS_DIR}/SwiftSignatureView/SwiftSignatureView.framework",
				"${BUILT_PRODUCTS_DIR}/SwiftyBeaver/SwiftyBeaver.framework",
				"${BUILT_PRODUCTS_DIR}/nanopb/nanopb.framework",
			);
			name = "[CP] Embed Pods Frameworks";
			outputFileListPaths = (
			);
			outputPaths = (
				"${TARGET_BUILD_DIR}/${FRAMEWORKS_FOLDER_PATH}/Alamofire.framework",
				"${TARGET_BUILD_DIR}/${FRAMEWORKS_FOLDER_PATH}/Amplitude_iOS.framework",
				"${TARGET_BUILD_DIR}/${FRAMEWORKS_FOLDER_PATH}/Bolts.framework",
				"${TARGET_BUILD_DIR}/${FRAMEWORKS_FOLDER_PATH}/Charts.framework",
				"${TARGET_BUILD_DIR}/${FRAMEWORKS_FOLDER_PATH}/CommonUI.framework",
				"${TARGET_BUILD_DIR}/${FRAMEWORKS_FOLDER_PATH}/CommonUtil.framework",
				"${TARGET_BUILD_DIR}/${FRAMEWORKS_FOLDER_PATH}/CoreDataExtensio.framework",
				"${TARGET_BUILD_DIR}/${FRAMEWORKS_FOLDER_PATH}/DTFoundation.framework",
				"${TARGET_BUILD_DIR}/${FRAMEWORKS_FOLDER_PATH}/EmailValidator.framework",
				"${TARGET_BUILD_DIR}/${FRAMEWORKS_FOLDER_PATH}/FBSDKCoreKit.framework",
				"${TARGET_BUILD_DIR}/${FRAMEWORKS_FOLDER_PATH}/FacebookCore.framework",
				"${TARGET_BUILD_DIR}/${FRAMEWORKS_FOLDER_PATH}/GTMSessionFetcher.framework",
				"${TARGET_BUILD_DIR}/${FRAMEWORKS_FOLDER_PATH}/GoogleToolboxForMac.framework",
				"${TARGET_BUILD_DIR}/${FRAMEWORKS_FOLDER_PATH}/GoogleUtilities.framework",
				"${TARGET_BUILD_DIR}/${FRAMEWORKS_FOLDER_PATH}/ImageStorage.framework",
				"${TARGET_BUILD_DIR}/${FRAMEWORKS_FOLDER_PATH}/InvoiceBotSDK.framework",
				"${TARGET_BUILD_DIR}/${FRAMEWORKS_FOLDER_PATH}/JLRoutes.framework",
				"${TARGET_BUILD_DIR}/${FRAMEWORKS_FOLDER_PATH}/Kvitto.framework",
				"${TARGET_BUILD_DIR}/${FRAMEWORKS_FOLDER_PATH}/Moya.framework",
				"${TARGET_BUILD_DIR}/${FRAMEWORKS_FOLDER_PATH}/Protobuf.framework",
				"${TARGET_BUILD_DIR}/${FRAMEWORKS_FOLDER_PATH}/Rswift.framework",
				"${TARGET_BUILD_DIR}/${FRAMEWORKS_FOLDER_PATH}/Reachability.framework",
				"${TARGET_BUILD_DIR}/${FRAMEWORKS_FOLDER_PATH}/Result.framework",
				"${TARGET_BUILD_DIR}/${FRAMEWORKS_FOLDER_PATH}/RxCocoa.framework",
				"${TARGET_BUILD_DIR}/${FRAMEWORKS_FOLDER_PATH}/RxOptional.framework",
				"${TARGET_BUILD_DIR}/${FRAMEWORKS_FOLDER_PATH}/RxSwift.framework",
				"${TARGET_BUILD_DIR}/${FRAMEWORKS_FOLDER_PATH}/SupportEmail.framework",
				"${TARGET_BUILD_DIR}/${FRAMEWORKS_FOLDER_PATH}/SwiftRichString.framework",
				"${TARGET_BUILD_DIR}/${FRAMEWORKS_FOLDER_PATH}/SwiftSignatureView.framework",
				"${TARGET_BUILD_DIR}/${FRAMEWORKS_FOLDER_PATH}/SwiftyBeaver.framework",
				"${TARGET_BUILD_DIR}/${FRAMEWORKS_FOLDER_PATH}/nanopb.framework",
			);
			runOnlyForDeploymentPostprocessing = 0;
			shellPath = /bin/sh;
			shellScript = "\"${PODS_ROOT}/Target Support Files/Pods-expense/Pods-expense-frameworks.sh\"\n";
			showEnvVarsInLog = 0;
		};
/* End PBXShellScriptBuildPhase section */

/* Begin PBXSourcesBuildPhase section */
		79F98D6D2256053E0026C17B /* Sources */ = {
			isa = PBXSourcesBuildPhase;
			buildActionMask = 2147483647;
			files = (
				79D1406C225CC23200B11435 /* Wallet+Fetchable.swift in Sources */,
				79D14018225B72ED00B11435 /* InfoSectionActions.swift in Sources */,
				79F98DB02256470D0026C17B /* UserCell.swift in Sources */,
				79D14008225B67B300B11435 /* StoreService.swift in Sources */,
				79D1406E225CC23E00B11435 /* Category+Fetchable.swift in Sources */,
				79D14025225B7B3F00B11435 /* RatingAlertViewController.swift in Sources */,
				79D1400E225B6AD900B11435 /* Logger.swift in Sources */,
				79F98D752256053E0026C17B /* AppDelegate.swift in Sources */,
				79D14017225B72ED00B11435 /* InfoSection.swift in Sources */,
				79D1404D225C9F4100B11435 /* NewWalletViewController.swift in Sources */,
				79D14034225B926700B11435 /* BadgeView.swift in Sources */,
				79D14029225B7DCC00B11435 /* RatingService.swift in Sources */,
				79D14010225B6B6500B11435 /* Date+String.swift in Sources */,
				79D1404A225C8E4300B11435 /* UITestHelper.swift in Sources */,
				79D14012225B6D0700B11435 /* Styling.swift in Sources */,
				79F98DAC2256457A0026C17B /* SettingsCell.swift in Sources */,
				79D14076225CD47000B11435 /* WalletModel.swift in Sources */,
				79D1404B225C8E4300B11435 /* UserDefaults+Token.swift in Sources */,
				79D1402D225B7F6400B11435 /* AppInfo.swift in Sources */,
				79D1402B225B7EE100B11435 /* String+Error.swift in Sources */,
				79D14047225C8AB800B11435 /* CoreDataContainer+Expense.swift in Sources */,
				79D1400A225B67FF00B11435 /* TableFooterView.swift in Sources */,
				79F98DA822563D6D0026C17B /* WalletCell.swift in Sources */,
				79F98DA4225639710026C17B /* WalletViewController.swift in Sources */,
				79D14001225B552600B11435 /* SettingsItem.swift in Sources */,
				79F98DA622563ADA0026C17B /* R.generated.swift in Sources */,
				79D14027225B7B7900B11435 /* PrivacyController.swift in Sources */,
				79D14070225CC24C00B11435 /* Entry+Fetchable.swift in Sources */,
				79D14081225CE20600B11435 /* Analytics.swift in Sources */,
				475718D3446FDAF866AFAB20 /* CreateWalletCell.swift in Sources */,
				47571B5562DA231746C1F663 /* WalletItem.swift in Sources */,
				4757101DB1B13234F23E3831 /* WalletsModel.swift in Sources */,
				47571782A937A9537F7104B8 /* SelectWalletAction.swift in Sources */,
				475719EDC9AA696A7C454659 /* CreateWalletAction.swift in Sources */,
				475714EA5E0043DFAE79E11C /* BudgetEntriesViewController.swift in Sources */,
				47571CE666531DC2877CD7FF /* BudgetEntriesModel.swift in Sources */,
				475718F9FFDA7068FCA02D0A /* BudgetEntryItem.swift in Sources */,
				4757146B1620691C0999B4A4 /* BudgetEntryCell.swift in Sources */,
				47571859D9D795B152EF8C81 /* BudgetEntryModel.swift in Sources */,
				47571F89540DBBEF8EF83F2F /* SelectBudgetEntryAction.swift in Sources */,
				4757136E7D2E2707E46131DD /* CreateBudgetEntryAction.swift in Sources */,
				47571D5A22946BBEBDFFE781 /* EditBudgetEntryViewController.swift in Sources */,
				47571E0ADF5B055D3CDB5C35 /* BusinessSectionActions.swift in Sources */,
				4757128ADD78889E449EBAC0 /* BusinessSection.swift in Sources */,
				47571B2D375696474C2CFC5E /* NumberCell.swift in Sources */,
				47571B15074018AA4FE5ED71 /* NumberEntry.swift in Sources */,
				47571E047E8686AFDE733EED /* NumberValidator.swift in Sources */,
				4757111481A0631D0668E999 /* KeyboardAccessory.swift in Sources */,
				47571D7D70883BADF46FED28 /* KeyboardAccessoryable.swift in Sources */,
				4757144DBFAFFCDEE0B6F185 /* CornerView.swift in Sources */,
				475710FF878B69B0271966EE /* DataItems.swift in Sources */,
				47571B501BF44C5E63718763 /* Error+NSError.swift in Sources */,
				47571FD3EFCD6B1A76E05725 /* TextFieldCell.swift in Sources */,
				4757108CCB3BEA5BB28CF4B4 /* TextEntry.swift in Sources */,
				47571CFBB9B85ACE2236A490 /* UserSection.swift in Sources */,
				47571E64C6AD184ED1E89035 /* SettingsController.swift in Sources */,
				475716E2E3858FF57D86F67C /* SettingsModel.swift in Sources */,
				47571979A3C5AE67ED7A1213 /* UIView+Find.swift in Sources */,
				47571B533D1F42EEC9FFC083 /* UIFont+Fira.swift in Sources */,
				47571882012AD0FF360DB57A /* UIColor+Extension.swift in Sources */,
				47571BA0EDCBE0349EF67C64 /* PlaceholderTextField.swift in Sources */,
				47571A7EFF00C270BDD6CFA0 /* TapActions.swift in Sources */,
				475717CC57BEAE2D6682F261 /* Invoice+Predicate.swift in Sources */,
				47571FB139EBCB84F738D273 /* BudgetCategoryCell.swift in Sources */,
				475713CED26165E83D0186C3 /* SelectBudgetCategoryForEntryAction.swift in Sources */,
				47571FF9F337F7F67B614EC5 /* BudgetCategoriesViewController.swift in Sources */,
				4757138F42E146746E6DD1F6 /* BudgetCategoriesModel.swift in Sources */,
				475710171D0BD20EE1B9F68E /* BudgetCategoryItem.swift in Sources */,
				47571FFB85E194112DC8544D /* SelectBudgetCategoryAction.swift in Sources */,
				475713EF6D8C29C04D4DC81A /* CreateBudgetCategoryAction.swift in Sources */,
				47571ED0ABF2694E67C665FB /* BudgetEntrySelectCategoryCell.swift in Sources */,
				475710440C3AC8D4E7F9C73F /* BudgetCategoryEditViewController.swift in Sources */,
				4757104EE473293294A1ED12 /* BudgetCategoryModel.swift in Sources */,
			);
			runOnlyForDeploymentPostprocessing = 0;
		};
		79F98D81225605400026C17B /* Sources */ = {
			isa = PBXSourcesBuildPhase;
			buildActionMask = 2147483647;
			files = (
				79F98D8A225605400026C17B /* expenseTests.swift in Sources */,
			);
			runOnlyForDeploymentPostprocessing = 0;
		};
		79F98D8C225605400026C17B /* Sources */ = {
			isa = PBXSourcesBuildPhase;
			buildActionMask = 2147483647;
			files = (
				79F98D95225605400026C17B /* expenseUITests.swift in Sources */,
			);
			runOnlyForDeploymentPostprocessing = 0;
		};
/* End PBXSourcesBuildPhase section */

/* Begin PBXTargetDependency section */
		79F98D87225605400026C17B /* PBXTargetDependency */ = {
			isa = PBXTargetDependency;
			target = 79F98D702256053E0026C17B /* expense */;
			targetProxy = 79F98D86225605400026C17B /* PBXContainerItemProxy */;
		};
		79F98D92225605400026C17B /* PBXTargetDependency */ = {
			isa = PBXTargetDependency;
			target = 79F98D702256053E0026C17B /* expense */;
			targetProxy = 79F98D91225605400026C17B /* PBXContainerItemProxy */;
		};
/* End PBXTargetDependency section */

/* Begin PBXVariantGroup section */
		4757111F6B110CD3FE3EE48D /* Main.storyboard */ = {
			isa = PBXVariantGroup;
			children = (
				475711210260271622FB5649 /* Base */,
			);
			name = Main.storyboard;
			sourceTree = "<group>";
		};
		79D1401F225B764200B11435 /* Localizable.strings */ = {
			isa = PBXVariantGroup;
			children = (
				79D14020225B764200B11435 /* Base */,
			);
			name = Localizable.strings;
			sourceTree = "<group>";
		};
		79F98D7D225605400026C17B /* LaunchScreen.storyboard */ = {
			isa = PBXVariantGroup;
			children = (
				79F98D7E225605400026C17B /* Base */,
			);
			name = LaunchScreen.storyboard;
			sourceTree = "<group>";
		};
/* End PBXVariantGroup section */

/* Begin XCBuildConfiguration section */
		79F98D97225605400026C17B /* Debug */ = {
			isa = XCBuildConfiguration;
			buildSettings = {
				ALWAYS_SEARCH_USER_PATHS = NO;
				CLANG_ANALYZER_NONNULL = YES;
				CLANG_ANALYZER_NUMBER_OBJECT_CONVERSION = YES_AGGRESSIVE;
				CLANG_CXX_LANGUAGE_STANDARD = "gnu++14";
				CLANG_CXX_LIBRARY = "libc++";
				CLANG_ENABLE_MODULES = YES;
				CLANG_ENABLE_OBJC_ARC = YES;
				CLANG_ENABLE_OBJC_WEAK = YES;
				CLANG_WARN_BLOCK_CAPTURE_AUTORELEASING = YES;
				CLANG_WARN_BOOL_CONVERSION = YES;
				CLANG_WARN_COMMA = YES;
				CLANG_WARN_CONSTANT_CONVERSION = YES;
				CLANG_WARN_DEPRECATED_OBJC_IMPLEMENTATIONS = YES;
				CLANG_WARN_DIRECT_OBJC_ISA_USAGE = YES_ERROR;
				CLANG_WARN_DOCUMENTATION_COMMENTS = YES;
				CLANG_WARN_EMPTY_BODY = YES;
				CLANG_WARN_ENUM_CONVERSION = YES;
				CLANG_WARN_INFINITE_RECURSION = YES;
				CLANG_WARN_INT_CONVERSION = YES;
				CLANG_WARN_NON_LITERAL_NULL_CONVERSION = YES;
				CLANG_WARN_OBJC_IMPLICIT_RETAIN_SELF = YES;
				CLANG_WARN_OBJC_LITERAL_CONVERSION = YES;
				CLANG_WARN_OBJC_ROOT_CLASS = YES_ERROR;
				CLANG_WARN_RANGE_LOOP_ANALYSIS = YES;
				CLANG_WARN_STRICT_PROTOTYPES = YES;
				CLANG_WARN_SUSPICIOUS_MOVE = YES;
				CLANG_WARN_UNGUARDED_AVAILABILITY = YES_AGGRESSIVE;
				CLANG_WARN_UNREACHABLE_CODE = YES;
				CLANG_WARN__DUPLICATE_METHOD_MATCH = YES;
				CODE_SIGN_IDENTITY = "iPhone Developer";
				COPY_PHASE_STRIP = NO;
				DEBUG_INFORMATION_FORMAT = dwarf;
				ENABLE_STRICT_OBJC_MSGSEND = YES;
				ENABLE_TESTABILITY = YES;
				GCC_C_LANGUAGE_STANDARD = gnu11;
				GCC_DYNAMIC_NO_PIC = NO;
				GCC_NO_COMMON_BLOCKS = YES;
				GCC_OPTIMIZATION_LEVEL = 0;
				GCC_PREPROCESSOR_DEFINITIONS = (
					"DEBUG=1",
					"$(inherited)",
				);
				GCC_WARN_64_TO_32_BIT_CONVERSION = YES;
				GCC_WARN_ABOUT_RETURN_TYPE = YES_ERROR;
				GCC_WARN_UNDECLARED_SELECTOR = YES;
				GCC_WARN_UNINITIALIZED_AUTOS = YES_AGGRESSIVE;
				GCC_WARN_UNUSED_FUNCTION = YES;
				GCC_WARN_UNUSED_VARIABLE = YES;
				IPHONEOS_DEPLOYMENT_TARGET = 12.2;
				MTL_ENABLE_DEBUG_INFO = INCLUDE_SOURCE;
				MTL_FAST_MATH = YES;
				ONLY_ACTIVE_ARCH = YES;
				SDKROOT = iphoneos;
				SWIFT_ACTIVE_COMPILATION_CONDITIONS = DEBUG;
				SWIFT_OPTIMIZATION_LEVEL = "-Onone";
			};
			name = Debug;
		};
		79F98D98225605400026C17B /* Release */ = {
			isa = XCBuildConfiguration;
			buildSettings = {
				ALWAYS_SEARCH_USER_PATHS = NO;
				CLANG_ANALYZER_NONNULL = YES;
				CLANG_ANALYZER_NUMBER_OBJECT_CONVERSION = YES_AGGRESSIVE;
				CLANG_CXX_LANGUAGE_STANDARD = "gnu++14";
				CLANG_CXX_LIBRARY = "libc++";
				CLANG_ENABLE_MODULES = YES;
				CLANG_ENABLE_OBJC_ARC = YES;
				CLANG_ENABLE_OBJC_WEAK = YES;
				CLANG_WARN_BLOCK_CAPTURE_AUTORELEASING = YES;
				CLANG_WARN_BOOL_CONVERSION = YES;
				CLANG_WARN_COMMA = YES;
				CLANG_WARN_CONSTANT_CONVERSION = YES;
				CLANG_WARN_DEPRECATED_OBJC_IMPLEMENTATIONS = YES;
				CLANG_WARN_DIRECT_OBJC_ISA_USAGE = YES_ERROR;
				CLANG_WARN_DOCUMENTATION_COMMENTS = YES;
				CLANG_WARN_EMPTY_BODY = YES;
				CLANG_WARN_ENUM_CONVERSION = YES;
				CLANG_WARN_INFINITE_RECURSION = YES;
				CLANG_WARN_INT_CONVERSION = YES;
				CLANG_WARN_NON_LITERAL_NULL_CONVERSION = YES;
				CLANG_WARN_OBJC_IMPLICIT_RETAIN_SELF = YES;
				CLANG_WARN_OBJC_LITERAL_CONVERSION = YES;
				CLANG_WARN_OBJC_ROOT_CLASS = YES_ERROR;
				CLANG_WARN_RANGE_LOOP_ANALYSIS = YES;
				CLANG_WARN_STRICT_PROTOTYPES = YES;
				CLANG_WARN_SUSPICIOUS_MOVE = YES;
				CLANG_WARN_UNGUARDED_AVAILABILITY = YES_AGGRESSIVE;
				CLANG_WARN_UNREACHABLE_CODE = YES;
				CLANG_WARN__DUPLICATE_METHOD_MATCH = YES;
				CODE_SIGN_IDENTITY = "iPhone Developer";
				COPY_PHASE_STRIP = NO;
				DEBUG_INFORMATION_FORMAT = "dwarf-with-dsym";
				ENABLE_NS_ASSERTIONS = NO;
				ENABLE_STRICT_OBJC_MSGSEND = YES;
				GCC_C_LANGUAGE_STANDARD = gnu11;
				GCC_NO_COMMON_BLOCKS = YES;
				GCC_WARN_64_TO_32_BIT_CONVERSION = YES;
				GCC_WARN_ABOUT_RETURN_TYPE = YES_ERROR;
				GCC_WARN_UNDECLARED_SELECTOR = YES;
				GCC_WARN_UNINITIALIZED_AUTOS = YES_AGGRESSIVE;
				GCC_WARN_UNUSED_FUNCTION = YES;
				GCC_WARN_UNUSED_VARIABLE = YES;
				IPHONEOS_DEPLOYMENT_TARGET = 12.2;
				MTL_ENABLE_DEBUG_INFO = NO;
				MTL_FAST_MATH = YES;
				SDKROOT = iphoneos;
				SWIFT_COMPILATION_MODE = wholemodule;
				SWIFT_OPTIMIZATION_LEVEL = "-O";
				VALIDATE_PRODUCT = YES;
			};
			name = Release;
		};
		79F98D9A225605400026C17B /* Debug */ = {
			isa = XCBuildConfiguration;
			baseConfigurationReference = D2BC9C378CDA268C56E00020 /* Pods-expense.debug.xcconfig */;
			buildSettings = {
				APP_GROUP = group.com.in.voice.app.invoice.stg;
				ASSETCATALOG_COMPILER_APPICON_NAME = AppIcon;
				CODE_SIGN_ENTITLEMENTS = expense/expense.entitlements;
				CODE_SIGN_STYLE = Manual;
				DEVELOPMENT_TEAM = VBNBX6S7TV;
				INFOPLIST_FILE = expense/Info.plist;
				IPHONEOS_DEPLOYMENT_TARGET = 11.1;
				LD_RUNPATH_SEARCH_PATHS = (
					"$(inherited)",
					"@executable_path/Frameworks",
				);
				PRODUCT_BUNDLE_IDENTIFIER = at.meisterwork.expense;
				PRODUCT_NAME = "$(TARGET_NAME)";
				PROVISIONING_PROFILE_SPECIFIER = "match Development at.meisterwork.expense";
				SWIFT_VERSION = 5.0;
				TARGETED_DEVICE_FAMILY = "1,2";
			};
			name = Debug;
		};
		79F98D9B225605400026C17B /* Release */ = {
			isa = XCBuildConfiguration;
			baseConfigurationReference = B045DFA250E5B1A342F8C8F7 /* Pods-expense.release.xcconfig */;
			buildSettings = {
				APP_GROUP = group.com.in.voice.app.invoice.stg;
				ASSETCATALOG_COMPILER_APPICON_NAME = AppIcon;
				CODE_SIGN_ENTITLEMENTS = expense/expense.entitlements;
				CODE_SIGN_STYLE = Manual;
				DEVELOPMENT_TEAM = VBNBX6S7TV;
				INFOPLIST_FILE = expense/Info.plist;
				IPHONEOS_DEPLOYMENT_TARGET = 11.1;
				LD_RUNPATH_SEARCH_PATHS = (
					"$(inherited)",
					"@executable_path/Frameworks",
				);
				PRODUCT_BUNDLE_IDENTIFIER = at.meisterwork.expense;
				PRODUCT_NAME = "$(TARGET_NAME)";
				PROVISIONING_PROFILE_SPECIFIER = "match Development at.meisterwork.expense";
				SWIFT_VERSION = 5.0;
				TARGETED_DEVICE_FAMILY = "1,2";
			};
			name = Release;
		};
		79F98D9D225605400026C17B /* Debug */ = {
			isa = XCBuildConfiguration;
			baseConfigurationReference = 0F40EFEF708DAC57612BC6E9 /* Pods-expenseTests.debug.xcconfig */;
			buildSettings = {
				ALWAYS_EMBED_SWIFT_STANDARD_LIBRARIES = YES;
				BUNDLE_LOADER = "$(TEST_HOST)";
				CODE_SIGN_STYLE = Automatic;
				INFOPLIST_FILE = expenseTests/Info.plist;
				LD_RUNPATH_SEARCH_PATHS = (
					"$(inherited)",
					"@executable_path/Frameworks",
					"@loader_path/Frameworks",
				);
				PRODUCT_BUNDLE_IDENTIFIER = at.meisterwork.expenseTests;
				PRODUCT_NAME = "$(TARGET_NAME)";
				SWIFT_VERSION = 5.0;
				TARGETED_DEVICE_FAMILY = "1,2";
				TEST_HOST = "$(BUILT_PRODUCTS_DIR)/expense.app/expense";
			};
			name = Debug;
		};
		79F98D9E225605400026C17B /* Release */ = {
			isa = XCBuildConfiguration;
			baseConfigurationReference = BE861D7146213010F838D237 /* Pods-expenseTests.release.xcconfig */;
			buildSettings = {
				ALWAYS_EMBED_SWIFT_STANDARD_LIBRARIES = YES;
				BUNDLE_LOADER = "$(TEST_HOST)";
				CODE_SIGN_STYLE = Automatic;
				INFOPLIST_FILE = expenseTests/Info.plist;
				LD_RUNPATH_SEARCH_PATHS = (
					"$(inherited)",
					"@executable_path/Frameworks",
					"@loader_path/Frameworks",
				);
				PRODUCT_BUNDLE_IDENTIFIER = at.meisterwork.expenseTests;
				PRODUCT_NAME = "$(TARGET_NAME)";
				SWIFT_VERSION = 5.0;
				TARGETED_DEVICE_FAMILY = "1,2";
				TEST_HOST = "$(BUILT_PRODUCTS_DIR)/expense.app/expense";
			};
			name = Release;
		};
		79F98DA0225605400026C17B /* Debug */ = {
			isa = XCBuildConfiguration;
			baseConfigurationReference = 982292CDDC061988462F331C /* Pods-expenseUITests.debug.xcconfig */;
			buildSettings = {
				ALWAYS_EMBED_SWIFT_STANDARD_LIBRARIES = YES;
				CODE_SIGN_STYLE = Automatic;
				INFOPLIST_FILE = expenseUITests/Info.plist;
				LD_RUNPATH_SEARCH_PATHS = (
					"$(inherited)",
					"@executable_path/Frameworks",
					"@loader_path/Frameworks",
				);
				PRODUCT_BUNDLE_IDENTIFIER = at.meisterwork.expenseUITests;
				PRODUCT_NAME = "$(TARGET_NAME)";
				SWIFT_VERSION = 5.0;
				TARGETED_DEVICE_FAMILY = "1,2";
				TEST_TARGET_NAME = expense;
			};
			name = Debug;
		};
		79F98DA1225605400026C17B /* Release */ = {
			isa = XCBuildConfiguration;
			baseConfigurationReference = 0F0656D62D1BBFEC8F3AD214 /* Pods-expenseUITests.release.xcconfig */;
			buildSettings = {
				ALWAYS_EMBED_SWIFT_STANDARD_LIBRARIES = YES;
				CODE_SIGN_STYLE = Automatic;
				INFOPLIST_FILE = expenseUITests/Info.plist;
				LD_RUNPATH_SEARCH_PATHS = (
					"$(inherited)",
					"@executable_path/Frameworks",
					"@loader_path/Frameworks",
				);
				PRODUCT_BUNDLE_IDENTIFIER = at.meisterwork.expenseUITests;
				PRODUCT_NAME = "$(TARGET_NAME)";
				SWIFT_VERSION = 5.0;
				TARGETED_DEVICE_FAMILY = "1,2";
				TEST_TARGET_NAME = expense;
			};
			name = Release;
		};
/* End XCBuildConfiguration section */

/* Begin XCConfigurationList section */
		79F98D6C2256053E0026C17B /* Build configuration list for PBXProject "expense" */ = {
			isa = XCConfigurationList;
			buildConfigurations = (
				79F98D97225605400026C17B /* Debug */,
				79F98D98225605400026C17B /* Release */,
			);
			defaultConfigurationIsVisible = 0;
			defaultConfigurationName = Release;
		};
		79F98D99225605400026C17B /* Build configuration list for PBXNativeTarget "expense" */ = {
			isa = XCConfigurationList;
			buildConfigurations = (
				79F98D9A225605400026C17B /* Debug */,
				79F98D9B225605400026C17B /* Release */,
			);
			defaultConfigurationIsVisible = 0;
			defaultConfigurationName = Release;
		};
		79F98D9C225605400026C17B /* Build configuration list for PBXNativeTarget "expenseTests" */ = {
			isa = XCConfigurationList;
			buildConfigurations = (
				79F98D9D225605400026C17B /* Debug */,
				79F98D9E225605400026C17B /* Release */,
			);
			defaultConfigurationIsVisible = 0;
			defaultConfigurationName = Release;
		};
		79F98D9F225605400026C17B /* Build configuration list for PBXNativeTarget "expenseUITests" */ = {
			isa = XCConfigurationList;
			buildConfigurations = (
				79F98DA0225605400026C17B /* Debug */,
				79F98DA1225605400026C17B /* Release */,
			);
			defaultConfigurationIsVisible = 0;
			defaultConfigurationName = Release;
		};
/* End XCConfigurationList section */
	};
	rootObject = 79F98D692256053E0026C17B /* Project object */;
}
